
Microsoft Visual Studio Solution File, Format Version 12.00
# Visual Studio Version 17
VisualStudioVersion = 17.0.32014.148
MinimumVisualStudioVersion = 10.0.40219.1
Project("{2150E333-8FDC-42A3-9474-1A3956D46DE8}") = "Tests", "Tests", "{6F8E434E-E427-4081-B922-02A04D4173CC}"
EndProject
Project("{2150E333-8FDC-42A3-9474-1A3956D46DE8}") = "SQL", "SQL", "{574D1A91-886F-47A4-803C-78156C7C700E}"
EndProject
Project("{2150E333-8FDC-42A3-9474-1A3956D46DE8}") = "Domain", "Domain", "{4C384656-F469-4EEE-83C4-6F65C55DE3D3}"
EndProject
Project("{2150E333-8FDC-42A3-9474-1A3956D46DE8}") = "Client", "Client", "{CCC20202-254F-4490-904A-98890F66E771}"
EndProject
Project("{2150E333-8FDC-42A3-9474-1A3956D46DE8}") = "Web", "Web", "{97740F75-FCBC-45D1-845F-B30B0142835D}"
EndProject
Project("{2150E333-8FDC-42A3-9474-1A3956D46DE8}") = "Server", "Server", "{EB5F577F-CD9E-4DE4-82F2-A67496E92AC3}"
EndProject
Project("{00D1A9C2-B5F0-4AF3-8072-F6C62B433612}") = "NPComplet.YourDeals.DatabaseScripts", "DatabaseScripts\NPComplet.YourDeals.DatabaseScripts.sqlproj", "{219832A6-6DF4-44BA-8FFC-2667184DB140}"
EndProject
Project("{9A19103F-16F7-4668-BE54-9A1E7A4F7556}") = "NPComplet.YourDeals.Tests.API.Tests", "Tests\NPComplet.YourDeals.Tests.API.Tests\NPComplet.YourDeals.Tests.API.Tests.csproj", "{E6D6D7C3-E052-4DA3-A197-E0AE69698B4D}"
EndProject
Project("{9A19103F-16F7-4668-BE54-9A1E7A4F7556}") = "NPComplet.YourDeals.Tests.FunctionalTests", "Tests\NPComplet.YourDeals.Tests.FunctionalTests\NPComplet.YourDeals.Tests.FunctionalTests.csproj", "{97B3F96D-6BEF-47F5-92B2-6DD109326A06}"
EndProject
Project("{9A19103F-16F7-4668-BE54-9A1E7A4F7556}") = "NPComplet.YourDeals.Tests.Infrastructure.Tests", "Tests\NPComplet.YourDeals.Tests.Infrastructure.Tests\NPComplet.YourDeals.Tests.Infrastructure.Tests.csproj", "{C6D5DFE7-6A87-499C-B52F-01971D019989}"
EndProject
Project("{9A19103F-16F7-4668-BE54-9A1E7A4F7556}") = "NPComplet.YourDeals.Tests.IntegrationTests", "Tests\NPComplet.YourDeals.Tests.IntegrationTests\NPComplet.YourDeals.Tests.IntegrationTests.csproj", "{18B9BCAA-59EC-4F59-9838-CD3686CFEBBB}"
EndProject
Project("{9A19103F-16F7-4668-BE54-9A1E7A4F7556}") = "NPComplet.YourDeals.Tests.TestsHelper", "Tests\NPComplet.YourDeals.Tests.TestsHelper\NPComplet.YourDeals.Tests.TestsHelper.csproj", "{51FD44B9-354E-497A-B8E5-4484D32CF4BA}"
EndProject
Project("{9A19103F-16F7-4668-BE54-9A1E7A4F7556}") = "NPComplet.YourDeals.Tests.UnitTests", "Tests\NPComplet.YourDeals.Tests.UnitTests\NPComplet.YourDeals.Tests.UnitTests.csproj", "{B2992EF6-5B76-4DC3-B385-7A0B85946F19}"
EndProject
Project("{9A19103F-16F7-4668-BE54-9A1E7A4F7556}") = "NPComplet.YourDeals.Server.Api.Blazor", "Server\NPComplet.YourDeals.Server.Api.Blazor\NPComplet.YourDeals.Server.Api.Blazor.csproj", "{8D67AB4A-EBA2-42AA-9A9F-0B2B6296E02C}"
EndProject
Project("{9A19103F-16F7-4668-BE54-9A1E7A4F7556}") = "NPComplet.YourDeals.Server.Common.Blazor", "Server\NPComplet.YourDeals.Server.Common.Blazor\NPComplet.YourDeals.Server.Common.Blazor.csproj", "{5F948FEE-D42F-4D13-96B1-36E0F50EFD6D}"
EndProject
Project("{9A19103F-16F7-4668-BE54-9A1E7A4F7556}") = "NPComplet.YourDeals.Server.Infrastructure", "Server\NPComplet.YourDeals.Server.Infrastructure\NPComplet.YourDeals.Server.Infrastructure.csproj", "{E1CA12A0-0F43-4FC7-BDEE-68DF091D5446}"
EndProject
Project("{9A19103F-16F7-4668-BE54-9A1E7A4F7556}") = "NPComplet.YourDeals.Server.Infrastructure.Repositories", "Server\NPComplet.YourDeals.Server.Infrastructure.Repositories\NPComplet.YourDeals.Server.Infrastructure.Repositories.csproj", "{C9CBC38C-EA86-4014-8CAE-A8274FFDA38E}"
EndProject
Project("{9A19103F-16F7-4668-BE54-9A1E7A4F7556}") = "NPComplet.YourDeals.Server.Infrastructure.Repositories.Data", "Server\NPComplet.YourDeals.Server.Infrastructure.Repositories.Data\NPComplet.YourDeals.Server.Infrastructure.Repositories.Data.csproj", "{2CA62696-7A9A-439F-BB21-6EA092DB95B6}"
EndProject
Project("{9A19103F-16F7-4668-BE54-9A1E7A4F7556}") = "NPComplet.YourDeals.Server.Infrastructure.Services", "Server\NPComplet.YourDeals.Server.Infrastructure.Services\NPComplet.YourDeals.Server.Infrastructure.Services.csproj", "{4DF4EC46-1B89-451D-9864-F652BE6E7795}"
EndProject
Project("{2150E333-8FDC-42A3-9474-1A3956D46DE8}") = "Mobile", "Mobile", "{327832BD-2794-40A8-8CB6-14A60625012F}"
EndProject
Project("{2150E333-8FDC-42A3-9474-1A3956D46DE8}") = "Shared", "Shared", "{90BD3241-6381-4725-8CD2-FEBD22317281}"
EndProject
Project("{9A19103F-16F7-4668-BE54-9A1E7A4F7556}") = "NPComplet.YourDeals.Client.Web", "Client\Web\NPComplet.YourDeals.Client.Web\NPComplet.YourDeals.Client.Web.csproj", "{91649573-CBDC-4A26-941D-38079E42632F}"
EndProject
Project("{9A19103F-16F7-4668-BE54-9A1E7A4F7556}") = "NPComplet.YourDeals.Domain.Shared", "Domain\NPComplet.YourDeals.Domain.Shared\NPComplet.YourDeals.Domain.Shared.csproj", "{9D1BAA97-9C57-4B8C-928C-48828D867BC6}"
EndProject
Project("{2150E333-8FDC-42A3-9474-1A3956D46DE8}") = "Controls", "Controls", "{C0186924-E635-436C-A577-5966C0CC153C}"
EndProject
Project("{2150E333-8FDC-42A3-9474-1A3956D46DE8}") = "Desktop", "Desktop", "{DEBAA6ED-CC07-4C62-9D70-FCE57668727F}"
EndProject
Project("{2150E333-8FDC-42A3-9474-1A3956D46DE8}") = "Solution Items", "Solution Items", "{FADA5FB5-4EB5-4BAB-8F25-FF2C6C452057}"
	ProjectSection(SolutionItems) = preProject
		.editorconfig = .editorconfig
		..\.gitattributes = ..\.gitattributes
		..\.gitignore = ..\.gitignore
		.NuGet\nuget.config = .NuGet\nuget.config
		Settings.StyleCop = Settings.StyleCop
	EndProjectSection
EndProject
Project("{9A19103F-16F7-4668-BE54-9A1E7A4F7556}") = "Microsoft.MobileBlazorBindings.XFControls", "Client\Controls\Microsoft.MobileBlazorBindings.XFControls\Microsoft.MobileBlazorBindings.XFControls.csproj", "{C7EEE48F-8C2D-4DAA-B314-DA42DD0790CE}"
EndProject
Project("{9A19103F-16F7-4668-BE54-9A1E7A4F7556}") = "NPComplet.YourDeals.Client.Shared", "Client\Shared\NPComplet.YourDeals.Client.Shared\NPComplet.YourDeals.Client.Shared.csproj", "{E0B76757-BF80-4DCD-9865-5ECD1C5B039E}"
EndProject
Project("{9A19103F-16F7-4668-BE54-9A1E7A4F7556}") = "NPComplet.YourDeals.Server.Infrastructure.Batches", "Server\NPComplet.YourDeals.Server.Infrastructure.Batches\NPComplet.YourDeals.Server.Infrastructure.Batches.csproj", "{0C459758-92EE-47BE-B7C3-76D40B2FC54A}"
EndProject
Project("{9A19103F-16F7-4668-BE54-9A1E7A4F7556}") = "NPComplet.YourDeals.Controls.OpenStreetMaps", "Client\Controls\NPComplet.YourDeals.Controls.OpenStreetMaps\NPComplet.YourDeals.Controls.OpenStreetMaps.csproj", "{FFCEA4FF-E7D7-4C99-B8BF-E6EE95C6E29C}"
EndProject
Project("{2150E333-8FDC-42A3-9474-1A3956D46DE8}") = "Shared", "Shared", "{FBB0948E-D3F9-4D4C-BA61-3E374B5FE1F4}"
EndProject
Project("{9A19103F-16F7-4668-BE54-9A1E7A4F7556}") = "NPComplet.YourDeals.Translations", "Shared\NPComplet.YourDeals.Translations\NPComplet.YourDeals.Translations.csproj", "{D0887DD3-BA6F-4AA7-815A-0BC2D7DF63C8}"
EndProject
Project("{9A19103F-16F7-4668-BE54-9A1E7A4F7556}") = "NPComplet.YourDeals.Controls.PopupWindow", "Client\Controls\NPComplet.YourDeals.Controls.PopupWindow\NPComplet.YourDeals.Controls.PopupWindow.csproj", "{9BBE3365-414D-4F2B-8767-E08B845C5FE3}"
EndProject
Project("{9A19103F-16F7-4668-BE54-9A1E7A4F7556}") = "NPComplet.YourDeals.Server.Infrastructure.RazorHtmlEmails", "Server\NPComplet.YourDeals.Server.Infrastructure.RazorHtmlEmails\NPComplet.YourDeals.Server.Infrastructure.RazorHtmlEmails.csproj", "{8DC3AC8F-6D25-40C9-8474-14BDC4E2324C}"
EndProject
Project("{FAE04EC0-301F-11D3-BF4B-00C04F79EFBC}") = "NPComplet.YourDeals.Client.macOS", "Client\Desktop\NPComplet.YourDeals.Client.macOS\NPComplet.YourDeals.Client.macOS.csproj", "{911AA41D-06F1-42AC-89F5-109CBA0431D9}"
EndProject
Project("{9A19103F-16F7-4668-BE54-9A1E7A4F7556}") = "NPComplet.YourDeals.Client.Windows", "Client\Desktop\NPComplet.YourDeals.Client.Windows\NPComplet.YourDeals.Client.Windows.csproj", "{D9DC0263-2F4F-4DE6-A704-EF1DA3E9F178}"
EndProject
Project("{9A19103F-16F7-4668-BE54-9A1E7A4F7556}") = "NPComplet.YourDeals.Client.Web.Monitoring.Blazor", "Client\Web\NPComplet.YourDeals.Client.Web.Monitoring.Blazor\NPComplet.YourDeals.Client.Web.Monitoring.Blazor.csproj", "{21216040-3CD9-4102-8A6B-7391BFEBCC89}"
EndProject
Project("{9A19103F-16F7-4668-BE54-9A1E7A4F7556}") = "NPComplet.YourDeals.Client.Web.Admin", "Client\Web\NPComplet.YourDeals.Client.Web.Admin\NPComplet.YourDeals.Client.Web.Admin.csproj", "{5090FF9E-9F34-4209-8FB3-1BBBC0E573FD}"
EndProject
Project("{FAE04EC0-301F-11D3-BF4B-00C04F79EFBC}") = "NPComplet.YourDeals.Client.Android", "Client\Mobile\NPComplet.YourDeals.Client.Android\NPComplet.YourDeals.Client.Android.csproj", "{03492290-2CBF-403F-8CD3-158644079ACE}"
EndProject
Project("{FAE04EC0-301F-11D3-BF4B-00C04F79EFBC}") = "NPComplet.YourDeals.Client.iOS", "Client\Mobile\NPComplet.YourDeals.Client.iOS\NPComplet.YourDeals.Client.iOS.csproj", "{7F6DAD9B-54E1-4C1C-A725-6092736CDE2E}"
EndProject
Project("{FAE04EC0-301F-11D3-BF4B-00C04F79EFBC}") = "NPComplet.YourDeals.Client.UWP", "Client\Mobile\NPComplet.YourDeals.Client.UWP\NPComplet.YourDeals.Client.UWP.csproj", "{F7D72DE5-5C0D-450B-BD87-5D8F9BBE04CE}"
EndProject
Global
	GlobalSection(SolutionConfigurationPlatforms) = preSolution
		Debug|Any CPU = Debug|Any CPU
		Debug|ARM = Debug|ARM
		Debug|ARM64 = Debug|ARM64
		Debug|iPhone = Debug|iPhone
		Debug|iPhoneSimulator = Debug|iPhoneSimulator
		Debug|x64 = Debug|x64
		Debug|x86 = Debug|x86
		Release|Any CPU = Release|Any CPU
		Release|ARM = Release|ARM
		Release|ARM64 = Release|ARM64
		Release|iPhone = Release|iPhone
		Release|iPhoneSimulator = Release|iPhoneSimulator
		Release|x64 = Release|x64
		Release|x86 = Release|x86
	EndGlobalSection
	GlobalSection(ProjectConfigurationPlatforms) = postSolution
		{219832A6-6DF4-44BA-8FFC-2667184DB140}.Debug|Any CPU.ActiveCfg = Debug|Any CPU
		{219832A6-6DF4-44BA-8FFC-2667184DB140}.Debug|Any CPU.Build.0 = Debug|Any CPU
		{219832A6-6DF4-44BA-8FFC-2667184DB140}.Debug|Any CPU.Deploy.0 = Debug|Any CPU
		{219832A6-6DF4-44BA-8FFC-2667184DB140}.Debug|ARM.ActiveCfg = Debug|Any CPU
		{219832A6-6DF4-44BA-8FFC-2667184DB140}.Debug|ARM.Build.0 = Debug|Any CPU
		{219832A6-6DF4-44BA-8FFC-2667184DB140}.Debug|ARM.Deploy.0 = Debug|Any CPU
		{219832A6-6DF4-44BA-8FFC-2667184DB140}.Debug|ARM64.ActiveCfg = Debug|Any CPU
		{219832A6-6DF4-44BA-8FFC-2667184DB140}.Debug|ARM64.Build.0 = Debug|Any CPU
		{219832A6-6DF4-44BA-8FFC-2667184DB140}.Debug|ARM64.Deploy.0 = Debug|Any CPU
		{219832A6-6DF4-44BA-8FFC-2667184DB140}.Debug|iPhone.ActiveCfg = Debug|Any CPU
		{219832A6-6DF4-44BA-8FFC-2667184DB140}.Debug|iPhone.Build.0 = Debug|Any CPU
		{219832A6-6DF4-44BA-8FFC-2667184DB140}.Debug|iPhone.Deploy.0 = Debug|Any CPU
		{219832A6-6DF4-44BA-8FFC-2667184DB140}.Debug|iPhoneSimulator.ActiveCfg = Debug|Any CPU
		{219832A6-6DF4-44BA-8FFC-2667184DB140}.Debug|iPhoneSimulator.Build.0 = Debug|Any CPU
		{219832A6-6DF4-44BA-8FFC-2667184DB140}.Debug|iPhoneSimulator.Deploy.0 = Debug|Any CPU
		{219832A6-6DF4-44BA-8FFC-2667184DB140}.Debug|x64.ActiveCfg = Debug|Any CPU
		{219832A6-6DF4-44BA-8FFC-2667184DB140}.Debug|x64.Build.0 = Debug|Any CPU
		{219832A6-6DF4-44BA-8FFC-2667184DB140}.Debug|x64.Deploy.0 = Debug|Any CPU
		{219832A6-6DF4-44BA-8FFC-2667184DB140}.Debug|x86.ActiveCfg = Debug|Any CPU
		{219832A6-6DF4-44BA-8FFC-2667184DB140}.Debug|x86.Build.0 = Debug|Any CPU
		{219832A6-6DF4-44BA-8FFC-2667184DB140}.Debug|x86.Deploy.0 = Debug|Any CPU
		{219832A6-6DF4-44BA-8FFC-2667184DB140}.Release|Any CPU.ActiveCfg = Release|Any CPU
		{219832A6-6DF4-44BA-8FFC-2667184DB140}.Release|Any CPU.Build.0 = Release|Any CPU
		{219832A6-6DF4-44BA-8FFC-2667184DB140}.Release|Any CPU.Deploy.0 = Release|Any CPU
		{219832A6-6DF4-44BA-8FFC-2667184DB140}.Release|ARM.ActiveCfg = Release|Any CPU
		{219832A6-6DF4-44BA-8FFC-2667184DB140}.Release|ARM.Build.0 = Release|Any CPU
		{219832A6-6DF4-44BA-8FFC-2667184DB140}.Release|ARM.Deploy.0 = Release|Any CPU
		{219832A6-6DF4-44BA-8FFC-2667184DB140}.Release|ARM64.ActiveCfg = Release|Any CPU
		{219832A6-6DF4-44BA-8FFC-2667184DB140}.Release|ARM64.Build.0 = Release|Any CPU
		{219832A6-6DF4-44BA-8FFC-2667184DB140}.Release|ARM64.Deploy.0 = Release|Any CPU
		{219832A6-6DF4-44BA-8FFC-2667184DB140}.Release|iPhone.ActiveCfg = Release|Any CPU
		{219832A6-6DF4-44BA-8FFC-2667184DB140}.Release|iPhone.Build.0 = Release|Any CPU
		{219832A6-6DF4-44BA-8FFC-2667184DB140}.Release|iPhone.Deploy.0 = Release|Any CPU
		{219832A6-6DF4-44BA-8FFC-2667184DB140}.Release|iPhoneSimulator.ActiveCfg = Release|Any CPU
		{219832A6-6DF4-44BA-8FFC-2667184DB140}.Release|iPhoneSimulator.Build.0 = Release|Any CPU
		{219832A6-6DF4-44BA-8FFC-2667184DB140}.Release|iPhoneSimulator.Deploy.0 = Release|Any CPU
		{219832A6-6DF4-44BA-8FFC-2667184DB140}.Release|x64.ActiveCfg = Release|Any CPU
		{219832A6-6DF4-44BA-8FFC-2667184DB140}.Release|x64.Build.0 = Release|Any CPU
		{219832A6-6DF4-44BA-8FFC-2667184DB140}.Release|x64.Deploy.0 = Release|Any CPU
		{219832A6-6DF4-44BA-8FFC-2667184DB140}.Release|x86.ActiveCfg = Release|Any CPU
		{219832A6-6DF4-44BA-8FFC-2667184DB140}.Release|x86.Build.0 = Release|Any CPU
		{219832A6-6DF4-44BA-8FFC-2667184DB140}.Release|x86.Deploy.0 = Release|Any CPU
		{E6D6D7C3-E052-4DA3-A197-E0AE69698B4D}.Debug|Any CPU.ActiveCfg = Debug|Any CPU
		{E6D6D7C3-E052-4DA3-A197-E0AE69698B4D}.Debug|Any CPU.Build.0 = Debug|Any CPU
		{E6D6D7C3-E052-4DA3-A197-E0AE69698B4D}.Debug|ARM.ActiveCfg = Debug|Any CPU
		{E6D6D7C3-E052-4DA3-A197-E0AE69698B4D}.Debug|ARM.Build.0 = Debug|Any CPU
		{E6D6D7C3-E052-4DA3-A197-E0AE69698B4D}.Debug|ARM64.ActiveCfg = Debug|Any CPU
		{E6D6D7C3-E052-4DA3-A197-E0AE69698B4D}.Debug|ARM64.Build.0 = Debug|Any CPU
		{E6D6D7C3-E052-4DA3-A197-E0AE69698B4D}.Debug|iPhone.ActiveCfg = Debug|Any CPU
		{E6D6D7C3-E052-4DA3-A197-E0AE69698B4D}.Debug|iPhone.Build.0 = Debug|Any CPU
		{E6D6D7C3-E052-4DA3-A197-E0AE69698B4D}.Debug|iPhoneSimulator.ActiveCfg = Debug|Any CPU
		{E6D6D7C3-E052-4DA3-A197-E0AE69698B4D}.Debug|iPhoneSimulator.Build.0 = Debug|Any CPU
		{E6D6D7C3-E052-4DA3-A197-E0AE69698B4D}.Debug|x64.ActiveCfg = Debug|Any CPU
		{E6D6D7C3-E052-4DA3-A197-E0AE69698B4D}.Debug|x64.Build.0 = Debug|Any CPU
		{E6D6D7C3-E052-4DA3-A197-E0AE69698B4D}.Debug|x86.ActiveCfg = Debug|Any CPU
		{E6D6D7C3-E052-4DA3-A197-E0AE69698B4D}.Debug|x86.Build.0 = Debug|Any CPU
		{E6D6D7C3-E052-4DA3-A197-E0AE69698B4D}.Release|Any CPU.ActiveCfg = Release|Any CPU
		{E6D6D7C3-E052-4DA3-A197-E0AE69698B4D}.Release|Any CPU.Build.0 = Release|Any CPU
		{E6D6D7C3-E052-4DA3-A197-E0AE69698B4D}.Release|ARM.ActiveCfg = Release|Any CPU
		{E6D6D7C3-E052-4DA3-A197-E0AE69698B4D}.Release|ARM.Build.0 = Release|Any CPU
		{E6D6D7C3-E052-4DA3-A197-E0AE69698B4D}.Release|ARM64.ActiveCfg = Release|Any CPU
		{E6D6D7C3-E052-4DA3-A197-E0AE69698B4D}.Release|ARM64.Build.0 = Release|Any CPU
		{E6D6D7C3-E052-4DA3-A197-E0AE69698B4D}.Release|iPhone.ActiveCfg = Release|Any CPU
		{E6D6D7C3-E052-4DA3-A197-E0AE69698B4D}.Release|iPhone.Build.0 = Release|Any CPU
		{E6D6D7C3-E052-4DA3-A197-E0AE69698B4D}.Release|iPhoneSimulator.ActiveCfg = Release|Any CPU
		{E6D6D7C3-E052-4DA3-A197-E0AE69698B4D}.Release|iPhoneSimulator.Build.0 = Release|Any CPU
		{E6D6D7C3-E052-4DA3-A197-E0AE69698B4D}.Release|x64.ActiveCfg = Release|Any CPU
		{E6D6D7C3-E052-4DA3-A197-E0AE69698B4D}.Release|x64.Build.0 = Release|Any CPU
		{E6D6D7C3-E052-4DA3-A197-E0AE69698B4D}.Release|x86.ActiveCfg = Release|Any CPU
		{E6D6D7C3-E052-4DA3-A197-E0AE69698B4D}.Release|x86.Build.0 = Release|Any CPU
		{97B3F96D-6BEF-47F5-92B2-6DD109326A06}.Debug|Any CPU.ActiveCfg = Debug|Any CPU
		{97B3F96D-6BEF-47F5-92B2-6DD109326A06}.Debug|Any CPU.Build.0 = Debug|Any CPU
		{97B3F96D-6BEF-47F5-92B2-6DD109326A06}.Debug|ARM.ActiveCfg = Debug|Any CPU
		{97B3F96D-6BEF-47F5-92B2-6DD109326A06}.Debug|ARM.Build.0 = Debug|Any CPU
		{97B3F96D-6BEF-47F5-92B2-6DD109326A06}.Debug|ARM64.ActiveCfg = Debug|Any CPU
		{97B3F96D-6BEF-47F5-92B2-6DD109326A06}.Debug|ARM64.Build.0 = Debug|Any CPU
		{97B3F96D-6BEF-47F5-92B2-6DD109326A06}.Debug|iPhone.ActiveCfg = Debug|Any CPU
		{97B3F96D-6BEF-47F5-92B2-6DD109326A06}.Debug|iPhone.Build.0 = Debug|Any CPU
		{97B3F96D-6BEF-47F5-92B2-6DD109326A06}.Debug|iPhoneSimulator.ActiveCfg = Debug|Any CPU
		{97B3F96D-6BEF-47F5-92B2-6DD109326A06}.Debug|iPhoneSimulator.Build.0 = Debug|Any CPU
		{97B3F96D-6BEF-47F5-92B2-6DD109326A06}.Debug|x64.ActiveCfg = Debug|Any CPU
		{97B3F96D-6BEF-47F5-92B2-6DD109326A06}.Debug|x64.Build.0 = Debug|Any CPU
		{97B3F96D-6BEF-47F5-92B2-6DD109326A06}.Debug|x86.ActiveCfg = Debug|Any CPU
		{97B3F96D-6BEF-47F5-92B2-6DD109326A06}.Debug|x86.Build.0 = Debug|Any CPU
		{97B3F96D-6BEF-47F5-92B2-6DD109326A06}.Release|Any CPU.ActiveCfg = Release|Any CPU
		{97B3F96D-6BEF-47F5-92B2-6DD109326A06}.Release|Any CPU.Build.0 = Release|Any CPU
		{97B3F96D-6BEF-47F5-92B2-6DD109326A06}.Release|ARM.ActiveCfg = Release|Any CPU
		{97B3F96D-6BEF-47F5-92B2-6DD109326A06}.Release|ARM.Build.0 = Release|Any CPU
		{97B3F96D-6BEF-47F5-92B2-6DD109326A06}.Release|ARM64.ActiveCfg = Release|Any CPU
		{97B3F96D-6BEF-47F5-92B2-6DD109326A06}.Release|ARM64.Build.0 = Release|Any CPU
		{97B3F96D-6BEF-47F5-92B2-6DD109326A06}.Release|iPhone.ActiveCfg = Release|Any CPU
		{97B3F96D-6BEF-47F5-92B2-6DD109326A06}.Release|iPhone.Build.0 = Release|Any CPU
		{97B3F96D-6BEF-47F5-92B2-6DD109326A06}.Release|iPhoneSimulator.ActiveCfg = Release|Any CPU
		{97B3F96D-6BEF-47F5-92B2-6DD109326A06}.Release|iPhoneSimulator.Build.0 = Release|Any CPU
		{97B3F96D-6BEF-47F5-92B2-6DD109326A06}.Release|x64.ActiveCfg = Release|Any CPU
		{97B3F96D-6BEF-47F5-92B2-6DD109326A06}.Release|x64.Build.0 = Release|Any CPU
		{97B3F96D-6BEF-47F5-92B2-6DD109326A06}.Release|x86.ActiveCfg = Release|Any CPU
		{97B3F96D-6BEF-47F5-92B2-6DD109326A06}.Release|x86.Build.0 = Release|Any CPU
		{C6D5DFE7-6A87-499C-B52F-01971D019989}.Debug|Any CPU.ActiveCfg = Debug|Any CPU
		{C6D5DFE7-6A87-499C-B52F-01971D019989}.Debug|Any CPU.Build.0 = Debug|Any CPU
		{C6D5DFE7-6A87-499C-B52F-01971D019989}.Debug|ARM.ActiveCfg = Debug|Any CPU
		{C6D5DFE7-6A87-499C-B52F-01971D019989}.Debug|ARM.Build.0 = Debug|Any CPU
		{C6D5DFE7-6A87-499C-B52F-01971D019989}.Debug|ARM64.ActiveCfg = Debug|Any CPU
		{C6D5DFE7-6A87-499C-B52F-01971D019989}.Debug|ARM64.Build.0 = Debug|Any CPU
		{C6D5DFE7-6A87-499C-B52F-01971D019989}.Debug|iPhone.ActiveCfg = Debug|Any CPU
		{C6D5DFE7-6A87-499C-B52F-01971D019989}.Debug|iPhone.Build.0 = Debug|Any CPU
		{C6D5DFE7-6A87-499C-B52F-01971D019989}.Debug|iPhoneSimulator.ActiveCfg = Debug|Any CPU
		{C6D5DFE7-6A87-499C-B52F-01971D019989}.Debug|iPhoneSimulator.Build.0 = Debug|Any CPU
		{C6D5DFE7-6A87-499C-B52F-01971D019989}.Debug|x64.ActiveCfg = Debug|Any CPU
		{C6D5DFE7-6A87-499C-B52F-01971D019989}.Debug|x64.Build.0 = Debug|Any CPU
		{C6D5DFE7-6A87-499C-B52F-01971D019989}.Debug|x86.ActiveCfg = Debug|Any CPU
		{C6D5DFE7-6A87-499C-B52F-01971D019989}.Debug|x86.Build.0 = Debug|Any CPU
		{C6D5DFE7-6A87-499C-B52F-01971D019989}.Release|Any CPU.ActiveCfg = Release|Any CPU
		{C6D5DFE7-6A87-499C-B52F-01971D019989}.Release|Any CPU.Build.0 = Release|Any CPU
		{C6D5DFE7-6A87-499C-B52F-01971D019989}.Release|ARM.ActiveCfg = Release|Any CPU
		{C6D5DFE7-6A87-499C-B52F-01971D019989}.Release|ARM.Build.0 = Release|Any CPU
		{C6D5DFE7-6A87-499C-B52F-01971D019989}.Release|ARM64.ActiveCfg = Release|Any CPU
		{C6D5DFE7-6A87-499C-B52F-01971D019989}.Release|ARM64.Build.0 = Release|Any CPU
		{C6D5DFE7-6A87-499C-B52F-01971D019989}.Release|iPhone.ActiveCfg = Release|Any CPU
		{C6D5DFE7-6A87-499C-B52F-01971D019989}.Release|iPhone.Build.0 = Release|Any CPU
		{C6D5DFE7-6A87-499C-B52F-01971D019989}.Release|iPhoneSimulator.ActiveCfg = Release|Any CPU
		{C6D5DFE7-6A87-499C-B52F-01971D019989}.Release|iPhoneSimulator.Build.0 = Release|Any CPU
		{C6D5DFE7-6A87-499C-B52F-01971D019989}.Release|x64.ActiveCfg = Release|Any CPU
		{C6D5DFE7-6A87-499C-B52F-01971D019989}.Release|x64.Build.0 = Release|Any CPU
		{C6D5DFE7-6A87-499C-B52F-01971D019989}.Release|x86.ActiveCfg = Release|Any CPU
		{C6D5DFE7-6A87-499C-B52F-01971D019989}.Release|x86.Build.0 = Release|Any CPU
		{18B9BCAA-59EC-4F59-9838-CD3686CFEBBB}.Debug|Any CPU.ActiveCfg = Debug|Any CPU
		{18B9BCAA-59EC-4F59-9838-CD3686CFEBBB}.Debug|Any CPU.Build.0 = Debug|Any CPU
		{18B9BCAA-59EC-4F59-9838-CD3686CFEBBB}.Debug|ARM.ActiveCfg = Debug|Any CPU
		{18B9BCAA-59EC-4F59-9838-CD3686CFEBBB}.Debug|ARM.Build.0 = Debug|Any CPU
		{18B9BCAA-59EC-4F59-9838-CD3686CFEBBB}.Debug|ARM64.ActiveCfg = Debug|Any CPU
		{18B9BCAA-59EC-4F59-9838-CD3686CFEBBB}.Debug|ARM64.Build.0 = Debug|Any CPU
		{18B9BCAA-59EC-4F59-9838-CD3686CFEBBB}.Debug|iPhone.ActiveCfg = Debug|Any CPU
		{18B9BCAA-59EC-4F59-9838-CD3686CFEBBB}.Debug|iPhone.Build.0 = Debug|Any CPU
		{18B9BCAA-59EC-4F59-9838-CD3686CFEBBB}.Debug|iPhoneSimulator.ActiveCfg = Debug|Any CPU
		{18B9BCAA-59EC-4F59-9838-CD3686CFEBBB}.Debug|iPhoneSimulator.Build.0 = Debug|Any CPU
		{18B9BCAA-59EC-4F59-9838-CD3686CFEBBB}.Debug|x64.ActiveCfg = Debug|Any CPU
		{18B9BCAA-59EC-4F59-9838-CD3686CFEBBB}.Debug|x64.Build.0 = Debug|Any CPU
		{18B9BCAA-59EC-4F59-9838-CD3686CFEBBB}.Debug|x86.ActiveCfg = Debug|Any CPU
		{18B9BCAA-59EC-4F59-9838-CD3686CFEBBB}.Debug|x86.Build.0 = Debug|Any CPU
		{18B9BCAA-59EC-4F59-9838-CD3686CFEBBB}.Release|Any CPU.ActiveCfg = Release|Any CPU
		{18B9BCAA-59EC-4F59-9838-CD3686CFEBBB}.Release|Any CPU.Build.0 = Release|Any CPU
		{18B9BCAA-59EC-4F59-9838-CD3686CFEBBB}.Release|ARM.ActiveCfg = Release|Any CPU
		{18B9BCAA-59EC-4F59-9838-CD3686CFEBBB}.Release|ARM.Build.0 = Release|Any CPU
		{18B9BCAA-59EC-4F59-9838-CD3686CFEBBB}.Release|ARM64.ActiveCfg = Release|Any CPU
		{18B9BCAA-59EC-4F59-9838-CD3686CFEBBB}.Release|ARM64.Build.0 = Release|Any CPU
		{18B9BCAA-59EC-4F59-9838-CD3686CFEBBB}.Release|iPhone.ActiveCfg = Release|Any CPU
		{18B9BCAA-59EC-4F59-9838-CD3686CFEBBB}.Release|iPhone.Build.0 = Release|Any CPU
		{18B9BCAA-59EC-4F59-9838-CD3686CFEBBB}.Release|iPhoneSimulator.ActiveCfg = Release|Any CPU
		{18B9BCAA-59EC-4F59-9838-CD3686CFEBBB}.Release|iPhoneSimulator.Build.0 = Release|Any CPU
		{18B9BCAA-59EC-4F59-9838-CD3686CFEBBB}.Release|x64.ActiveCfg = Release|Any CPU
		{18B9BCAA-59EC-4F59-9838-CD3686CFEBBB}.Release|x64.Build.0 = Release|Any CPU
		{18B9BCAA-59EC-4F59-9838-CD3686CFEBBB}.Release|x86.ActiveCfg = Release|Any CPU
		{18B9BCAA-59EC-4F59-9838-CD3686CFEBBB}.Release|x86.Build.0 = Release|Any CPU
		{51FD44B9-354E-497A-B8E5-4484D32CF4BA}.Debug|Any CPU.ActiveCfg = Debug|Any CPU
		{51FD44B9-354E-497A-B8E5-4484D32CF4BA}.Debug|Any CPU.Build.0 = Debug|Any CPU
		{51FD44B9-354E-497A-B8E5-4484D32CF4BA}.Debug|ARM.ActiveCfg = Debug|Any CPU
		{51FD44B9-354E-497A-B8E5-4484D32CF4BA}.Debug|ARM.Build.0 = Debug|Any CPU
		{51FD44B9-354E-497A-B8E5-4484D32CF4BA}.Debug|ARM64.ActiveCfg = Debug|Any CPU
		{51FD44B9-354E-497A-B8E5-4484D32CF4BA}.Debug|ARM64.Build.0 = Debug|Any CPU
		{51FD44B9-354E-497A-B8E5-4484D32CF4BA}.Debug|iPhone.ActiveCfg = Debug|Any CPU
		{51FD44B9-354E-497A-B8E5-4484D32CF4BA}.Debug|iPhone.Build.0 = Debug|Any CPU
		{51FD44B9-354E-497A-B8E5-4484D32CF4BA}.Debug|iPhoneSimulator.ActiveCfg = Debug|Any CPU
		{51FD44B9-354E-497A-B8E5-4484D32CF4BA}.Debug|iPhoneSimulator.Build.0 = Debug|Any CPU
		{51FD44B9-354E-497A-B8E5-4484D32CF4BA}.Debug|x64.ActiveCfg = Debug|Any CPU
		{51FD44B9-354E-497A-B8E5-4484D32CF4BA}.Debug|x64.Build.0 = Debug|Any CPU
		{51FD44B9-354E-497A-B8E5-4484D32CF4BA}.Debug|x86.ActiveCfg = Debug|Any CPU
		{51FD44B9-354E-497A-B8E5-4484D32CF4BA}.Debug|x86.Build.0 = Debug|Any CPU
		{51FD44B9-354E-497A-B8E5-4484D32CF4BA}.Release|Any CPU.ActiveCfg = Release|Any CPU
		{51FD44B9-354E-497A-B8E5-4484D32CF4BA}.Release|Any CPU.Build.0 = Release|Any CPU
		{51FD44B9-354E-497A-B8E5-4484D32CF4BA}.Release|ARM.ActiveCfg = Release|Any CPU
		{51FD44B9-354E-497A-B8E5-4484D32CF4BA}.Release|ARM.Build.0 = Release|Any CPU
		{51FD44B9-354E-497A-B8E5-4484D32CF4BA}.Release|ARM64.ActiveCfg = Release|Any CPU
		{51FD44B9-354E-497A-B8E5-4484D32CF4BA}.Release|ARM64.Build.0 = Release|Any CPU
		{51FD44B9-354E-497A-B8E5-4484D32CF4BA}.Release|iPhone.ActiveCfg = Release|Any CPU
		{51FD44B9-354E-497A-B8E5-4484D32CF4BA}.Release|iPhone.Build.0 = Release|Any CPU
		{51FD44B9-354E-497A-B8E5-4484D32CF4BA}.Release|iPhoneSimulator.ActiveCfg = Release|Any CPU
		{51FD44B9-354E-497A-B8E5-4484D32CF4BA}.Release|iPhoneSimulator.Build.0 = Release|Any CPU
		{51FD44B9-354E-497A-B8E5-4484D32CF4BA}.Release|x64.ActiveCfg = Release|Any CPU
		{51FD44B9-354E-497A-B8E5-4484D32CF4BA}.Release|x64.Build.0 = Release|Any CPU
		{51FD44B9-354E-497A-B8E5-4484D32CF4BA}.Release|x86.ActiveCfg = Release|Any CPU
		{51FD44B9-354E-497A-B8E5-4484D32CF4BA}.Release|x86.Build.0 = Release|Any CPU
		{B2992EF6-5B76-4DC3-B385-7A0B85946F19}.Debug|Any CPU.ActiveCfg = Debug|Any CPU
		{B2992EF6-5B76-4DC3-B385-7A0B85946F19}.Debug|Any CPU.Build.0 = Debug|Any CPU
		{B2992EF6-5B76-4DC3-B385-7A0B85946F19}.Debug|ARM.ActiveCfg = Debug|Any CPU
		{B2992EF6-5B76-4DC3-B385-7A0B85946F19}.Debug|ARM.Build.0 = Debug|Any CPU
		{B2992EF6-5B76-4DC3-B385-7A0B85946F19}.Debug|ARM64.ActiveCfg = Debug|Any CPU
		{B2992EF6-5B76-4DC3-B385-7A0B85946F19}.Debug|ARM64.Build.0 = Debug|Any CPU
		{B2992EF6-5B76-4DC3-B385-7A0B85946F19}.Debug|iPhone.ActiveCfg = Debug|Any CPU
		{B2992EF6-5B76-4DC3-B385-7A0B85946F19}.Debug|iPhone.Build.0 = Debug|Any CPU
		{B2992EF6-5B76-4DC3-B385-7A0B85946F19}.Debug|iPhoneSimulator.ActiveCfg = Debug|Any CPU
		{B2992EF6-5B76-4DC3-B385-7A0B85946F19}.Debug|iPhoneSimulator.Build.0 = Debug|Any CPU
		{B2992EF6-5B76-4DC3-B385-7A0B85946F19}.Debug|x64.ActiveCfg = Debug|Any CPU
		{B2992EF6-5B76-4DC3-B385-7A0B85946F19}.Debug|x64.Build.0 = Debug|Any CPU
		{B2992EF6-5B76-4DC3-B385-7A0B85946F19}.Debug|x86.ActiveCfg = Debug|Any CPU
		{B2992EF6-5B76-4DC3-B385-7A0B85946F19}.Debug|x86.Build.0 = Debug|Any CPU
		{B2992EF6-5B76-4DC3-B385-7A0B85946F19}.Release|Any CPU.ActiveCfg = Release|Any CPU
		{B2992EF6-5B76-4DC3-B385-7A0B85946F19}.Release|Any CPU.Build.0 = Release|Any CPU
		{B2992EF6-5B76-4DC3-B385-7A0B85946F19}.Release|ARM.ActiveCfg = Release|Any CPU
		{B2992EF6-5B76-4DC3-B385-7A0B85946F19}.Release|ARM.Build.0 = Release|Any CPU
		{B2992EF6-5B76-4DC3-B385-7A0B85946F19}.Release|ARM64.ActiveCfg = Release|Any CPU
		{B2992EF6-5B76-4DC3-B385-7A0B85946F19}.Release|ARM64.Build.0 = Release|Any CPU
		{B2992EF6-5B76-4DC3-B385-7A0B85946F19}.Release|iPhone.ActiveCfg = Release|Any CPU
		{B2992EF6-5B76-4DC3-B385-7A0B85946F19}.Release|iPhone.Build.0 = Release|Any CPU
		{B2992EF6-5B76-4DC3-B385-7A0B85946F19}.Release|iPhoneSimulator.ActiveCfg = Release|Any CPU
		{B2992EF6-5B76-4DC3-B385-7A0B85946F19}.Release|iPhoneSimulator.Build.0 = Release|Any CPU
		{B2992EF6-5B76-4DC3-B385-7A0B85946F19}.Release|x64.ActiveCfg = Release|Any CPU
		{B2992EF6-5B76-4DC3-B385-7A0B85946F19}.Release|x64.Build.0 = Release|Any CPU
		{B2992EF6-5B76-4DC3-B385-7A0B85946F19}.Release|x86.ActiveCfg = Release|Any CPU
		{B2992EF6-5B76-4DC3-B385-7A0B85946F19}.Release|x86.Build.0 = Release|Any CPU
		{8D67AB4A-EBA2-42AA-9A9F-0B2B6296E02C}.Debug|Any CPU.ActiveCfg = Debug|Any CPU
		{8D67AB4A-EBA2-42AA-9A9F-0B2B6296E02C}.Debug|Any CPU.Build.0 = Debug|Any CPU
		{8D67AB4A-EBA2-42AA-9A9F-0B2B6296E02C}.Debug|ARM.ActiveCfg = Debug|Any CPU
		{8D67AB4A-EBA2-42AA-9A9F-0B2B6296E02C}.Debug|ARM.Build.0 = Debug|Any CPU
		{8D67AB4A-EBA2-42AA-9A9F-0B2B6296E02C}.Debug|ARM64.ActiveCfg = Debug|Any CPU
		{8D67AB4A-EBA2-42AA-9A9F-0B2B6296E02C}.Debug|ARM64.Build.0 = Debug|Any CPU
		{8D67AB4A-EBA2-42AA-9A9F-0B2B6296E02C}.Debug|iPhone.ActiveCfg = Debug|Any CPU
		{8D67AB4A-EBA2-42AA-9A9F-0B2B6296E02C}.Debug|iPhone.Build.0 = Debug|Any CPU
		{8D67AB4A-EBA2-42AA-9A9F-0B2B6296E02C}.Debug|iPhoneSimulator.ActiveCfg = Debug|Any CPU
		{8D67AB4A-EBA2-42AA-9A9F-0B2B6296E02C}.Debug|iPhoneSimulator.Build.0 = Debug|Any CPU
		{8D67AB4A-EBA2-42AA-9A9F-0B2B6296E02C}.Debug|x64.ActiveCfg = Debug|Any CPU
		{8D67AB4A-EBA2-42AA-9A9F-0B2B6296E02C}.Debug|x64.Build.0 = Debug|Any CPU
		{8D67AB4A-EBA2-42AA-9A9F-0B2B6296E02C}.Debug|x86.ActiveCfg = Debug|Any CPU
		{8D67AB4A-EBA2-42AA-9A9F-0B2B6296E02C}.Debug|x86.Build.0 = Debug|Any CPU
		{8D67AB4A-EBA2-42AA-9A9F-0B2B6296E02C}.Release|Any CPU.ActiveCfg = Release|Any CPU
		{8D67AB4A-EBA2-42AA-9A9F-0B2B6296E02C}.Release|Any CPU.Build.0 = Release|Any CPU
		{8D67AB4A-EBA2-42AA-9A9F-0B2B6296E02C}.Release|ARM.ActiveCfg = Release|Any CPU
		{8D67AB4A-EBA2-42AA-9A9F-0B2B6296E02C}.Release|ARM.Build.0 = Release|Any CPU
		{8D67AB4A-EBA2-42AA-9A9F-0B2B6296E02C}.Release|ARM64.ActiveCfg = Release|Any CPU
		{8D67AB4A-EBA2-42AA-9A9F-0B2B6296E02C}.Release|ARM64.Build.0 = Release|Any CPU
		{8D67AB4A-EBA2-42AA-9A9F-0B2B6296E02C}.Release|iPhone.ActiveCfg = Release|Any CPU
		{8D67AB4A-EBA2-42AA-9A9F-0B2B6296E02C}.Release|iPhone.Build.0 = Release|Any CPU
		{8D67AB4A-EBA2-42AA-9A9F-0B2B6296E02C}.Release|iPhoneSimulator.ActiveCfg = Release|Any CPU
		{8D67AB4A-EBA2-42AA-9A9F-0B2B6296E02C}.Release|iPhoneSimulator.Build.0 = Release|Any CPU
		{8D67AB4A-EBA2-42AA-9A9F-0B2B6296E02C}.Release|x64.ActiveCfg = Release|Any CPU
		{8D67AB4A-EBA2-42AA-9A9F-0B2B6296E02C}.Release|x64.Build.0 = Release|Any CPU
		{8D67AB4A-EBA2-42AA-9A9F-0B2B6296E02C}.Release|x86.ActiveCfg = Release|Any CPU
		{8D67AB4A-EBA2-42AA-9A9F-0B2B6296E02C}.Release|x86.Build.0 = Release|Any CPU
		{5F948FEE-D42F-4D13-96B1-36E0F50EFD6D}.Debug|Any CPU.ActiveCfg = Debug|Any CPU
		{5F948FEE-D42F-4D13-96B1-36E0F50EFD6D}.Debug|Any CPU.Build.0 = Debug|Any CPU
		{5F948FEE-D42F-4D13-96B1-36E0F50EFD6D}.Debug|ARM.ActiveCfg = Debug|Any CPU
		{5F948FEE-D42F-4D13-96B1-36E0F50EFD6D}.Debug|ARM.Build.0 = Debug|Any CPU
		{5F948FEE-D42F-4D13-96B1-36E0F50EFD6D}.Debug|ARM64.ActiveCfg = Debug|Any CPU
		{5F948FEE-D42F-4D13-96B1-36E0F50EFD6D}.Debug|ARM64.Build.0 = Debug|Any CPU
		{5F948FEE-D42F-4D13-96B1-36E0F50EFD6D}.Debug|iPhone.ActiveCfg = Debug|Any CPU
		{5F948FEE-D42F-4D13-96B1-36E0F50EFD6D}.Debug|iPhone.Build.0 = Debug|Any CPU
		{5F948FEE-D42F-4D13-96B1-36E0F50EFD6D}.Debug|iPhoneSimulator.ActiveCfg = Debug|Any CPU
		{5F948FEE-D42F-4D13-96B1-36E0F50EFD6D}.Debug|iPhoneSimulator.Build.0 = Debug|Any CPU
		{5F948FEE-D42F-4D13-96B1-36E0F50EFD6D}.Debug|x64.ActiveCfg = Debug|Any CPU
		{5F948FEE-D42F-4D13-96B1-36E0F50EFD6D}.Debug|x64.Build.0 = Debug|Any CPU
		{5F948FEE-D42F-4D13-96B1-36E0F50EFD6D}.Debug|x86.ActiveCfg = Debug|Any CPU
		{5F948FEE-D42F-4D13-96B1-36E0F50EFD6D}.Debug|x86.Build.0 = Debug|Any CPU
		{5F948FEE-D42F-4D13-96B1-36E0F50EFD6D}.Release|Any CPU.ActiveCfg = Release|Any CPU
		{5F948FEE-D42F-4D13-96B1-36E0F50EFD6D}.Release|Any CPU.Build.0 = Release|Any CPU
		{5F948FEE-D42F-4D13-96B1-36E0F50EFD6D}.Release|ARM.ActiveCfg = Release|Any CPU
		{5F948FEE-D42F-4D13-96B1-36E0F50EFD6D}.Release|ARM.Build.0 = Release|Any CPU
		{5F948FEE-D42F-4D13-96B1-36E0F50EFD6D}.Release|ARM64.ActiveCfg = Release|Any CPU
		{5F948FEE-D42F-4D13-96B1-36E0F50EFD6D}.Release|ARM64.Build.0 = Release|Any CPU
		{5F948FEE-D42F-4D13-96B1-36E0F50EFD6D}.Release|iPhone.ActiveCfg = Release|Any CPU
		{5F948FEE-D42F-4D13-96B1-36E0F50EFD6D}.Release|iPhone.Build.0 = Release|Any CPU
		{5F948FEE-D42F-4D13-96B1-36E0F50EFD6D}.Release|iPhoneSimulator.ActiveCfg = Release|Any CPU
		{5F948FEE-D42F-4D13-96B1-36E0F50EFD6D}.Release|iPhoneSimulator.Build.0 = Release|Any CPU
		{5F948FEE-D42F-4D13-96B1-36E0F50EFD6D}.Release|x64.ActiveCfg = Release|Any CPU
		{5F948FEE-D42F-4D13-96B1-36E0F50EFD6D}.Release|x64.Build.0 = Release|Any CPU
		{5F948FEE-D42F-4D13-96B1-36E0F50EFD6D}.Release|x86.ActiveCfg = Release|Any CPU
		{5F948FEE-D42F-4D13-96B1-36E0F50EFD6D}.Release|x86.Build.0 = Release|Any CPU
		{E1CA12A0-0F43-4FC7-BDEE-68DF091D5446}.Debug|Any CPU.ActiveCfg = Debug|Any CPU
		{E1CA12A0-0F43-4FC7-BDEE-68DF091D5446}.Debug|Any CPU.Build.0 = Debug|Any CPU
		{E1CA12A0-0F43-4FC7-BDEE-68DF091D5446}.Debug|ARM.ActiveCfg = Debug|Any CPU
		{E1CA12A0-0F43-4FC7-BDEE-68DF091D5446}.Debug|ARM.Build.0 = Debug|Any CPU
		{E1CA12A0-0F43-4FC7-BDEE-68DF091D5446}.Debug|ARM64.ActiveCfg = Debug|Any CPU
		{E1CA12A0-0F43-4FC7-BDEE-68DF091D5446}.Debug|ARM64.Build.0 = Debug|Any CPU
		{E1CA12A0-0F43-4FC7-BDEE-68DF091D5446}.Debug|iPhone.ActiveCfg = Debug|Any CPU
		{E1CA12A0-0F43-4FC7-BDEE-68DF091D5446}.Debug|iPhone.Build.0 = Debug|Any CPU
		{E1CA12A0-0F43-4FC7-BDEE-68DF091D5446}.Debug|iPhoneSimulator.ActiveCfg = Debug|Any CPU
		{E1CA12A0-0F43-4FC7-BDEE-68DF091D5446}.Debug|iPhoneSimulator.Build.0 = Debug|Any CPU
		{E1CA12A0-0F43-4FC7-BDEE-68DF091D5446}.Debug|x64.ActiveCfg = Debug|Any CPU
		{E1CA12A0-0F43-4FC7-BDEE-68DF091D5446}.Debug|x64.Build.0 = Debug|Any CPU
		{E1CA12A0-0F43-4FC7-BDEE-68DF091D5446}.Debug|x86.ActiveCfg = Debug|Any CPU
		{E1CA12A0-0F43-4FC7-BDEE-68DF091D5446}.Debug|x86.Build.0 = Debug|Any CPU
		{E1CA12A0-0F43-4FC7-BDEE-68DF091D5446}.Release|Any CPU.ActiveCfg = Release|Any CPU
		{E1CA12A0-0F43-4FC7-BDEE-68DF091D5446}.Release|Any CPU.Build.0 = Release|Any CPU
		{E1CA12A0-0F43-4FC7-BDEE-68DF091D5446}.Release|ARM.ActiveCfg = Release|Any CPU
		{E1CA12A0-0F43-4FC7-BDEE-68DF091D5446}.Release|ARM.Build.0 = Release|Any CPU
		{E1CA12A0-0F43-4FC7-BDEE-68DF091D5446}.Release|ARM64.ActiveCfg = Release|Any CPU
		{E1CA12A0-0F43-4FC7-BDEE-68DF091D5446}.Release|ARM64.Build.0 = Release|Any CPU
		{E1CA12A0-0F43-4FC7-BDEE-68DF091D5446}.Release|iPhone.ActiveCfg = Release|Any CPU
		{E1CA12A0-0F43-4FC7-BDEE-68DF091D5446}.Release|iPhone.Build.0 = Release|Any CPU
		{E1CA12A0-0F43-4FC7-BDEE-68DF091D5446}.Release|iPhoneSimulator.ActiveCfg = Release|Any CPU
		{E1CA12A0-0F43-4FC7-BDEE-68DF091D5446}.Release|iPhoneSimulator.Build.0 = Release|Any CPU
		{E1CA12A0-0F43-4FC7-BDEE-68DF091D5446}.Release|x64.ActiveCfg = Release|Any CPU
		{E1CA12A0-0F43-4FC7-BDEE-68DF091D5446}.Release|x64.Build.0 = Release|Any CPU
		{E1CA12A0-0F43-4FC7-BDEE-68DF091D5446}.Release|x86.ActiveCfg = Release|Any CPU
		{E1CA12A0-0F43-4FC7-BDEE-68DF091D5446}.Release|x86.Build.0 = Release|Any CPU
		{C9CBC38C-EA86-4014-8CAE-A8274FFDA38E}.Debug|Any CPU.ActiveCfg = Debug|Any CPU
		{C9CBC38C-EA86-4014-8CAE-A8274FFDA38E}.Debug|Any CPU.Build.0 = Debug|Any CPU
		{C9CBC38C-EA86-4014-8CAE-A8274FFDA38E}.Debug|ARM.ActiveCfg = Debug|Any CPU
		{C9CBC38C-EA86-4014-8CAE-A8274FFDA38E}.Debug|ARM.Build.0 = Debug|Any CPU
		{C9CBC38C-EA86-4014-8CAE-A8274FFDA38E}.Debug|ARM64.ActiveCfg = Debug|Any CPU
		{C9CBC38C-EA86-4014-8CAE-A8274FFDA38E}.Debug|ARM64.Build.0 = Debug|Any CPU
		{C9CBC38C-EA86-4014-8CAE-A8274FFDA38E}.Debug|iPhone.ActiveCfg = Debug|Any CPU
		{C9CBC38C-EA86-4014-8CAE-A8274FFDA38E}.Debug|iPhone.Build.0 = Debug|Any CPU
		{C9CBC38C-EA86-4014-8CAE-A8274FFDA38E}.Debug|iPhoneSimulator.ActiveCfg = Debug|Any CPU
		{C9CBC38C-EA86-4014-8CAE-A8274FFDA38E}.Debug|iPhoneSimulator.Build.0 = Debug|Any CPU
		{C9CBC38C-EA86-4014-8CAE-A8274FFDA38E}.Debug|x64.ActiveCfg = Debug|Any CPU
		{C9CBC38C-EA86-4014-8CAE-A8274FFDA38E}.Debug|x64.Build.0 = Debug|Any CPU
		{C9CBC38C-EA86-4014-8CAE-A8274FFDA38E}.Debug|x86.ActiveCfg = Debug|Any CPU
		{C9CBC38C-EA86-4014-8CAE-A8274FFDA38E}.Debug|x86.Build.0 = Debug|Any CPU
		{C9CBC38C-EA86-4014-8CAE-A8274FFDA38E}.Release|Any CPU.ActiveCfg = Release|Any CPU
		{C9CBC38C-EA86-4014-8CAE-A8274FFDA38E}.Release|Any CPU.Build.0 = Release|Any CPU
		{C9CBC38C-EA86-4014-8CAE-A8274FFDA38E}.Release|ARM.ActiveCfg = Release|Any CPU
		{C9CBC38C-EA86-4014-8CAE-A8274FFDA38E}.Release|ARM.Build.0 = Release|Any CPU
		{C9CBC38C-EA86-4014-8CAE-A8274FFDA38E}.Release|ARM64.ActiveCfg = Release|Any CPU
		{C9CBC38C-EA86-4014-8CAE-A8274FFDA38E}.Release|ARM64.Build.0 = Release|Any CPU
		{C9CBC38C-EA86-4014-8CAE-A8274FFDA38E}.Release|iPhone.ActiveCfg = Release|Any CPU
		{C9CBC38C-EA86-4014-8CAE-A8274FFDA38E}.Release|iPhone.Build.0 = Release|Any CPU
		{C9CBC38C-EA86-4014-8CAE-A8274FFDA38E}.Release|iPhoneSimulator.ActiveCfg = Release|Any CPU
		{C9CBC38C-EA86-4014-8CAE-A8274FFDA38E}.Release|iPhoneSimulator.Build.0 = Release|Any CPU
		{C9CBC38C-EA86-4014-8CAE-A8274FFDA38E}.Release|x64.ActiveCfg = Release|Any CPU
		{C9CBC38C-EA86-4014-8CAE-A8274FFDA38E}.Release|x64.Build.0 = Release|Any CPU
		{C9CBC38C-EA86-4014-8CAE-A8274FFDA38E}.Release|x86.ActiveCfg = Release|Any CPU
		{C9CBC38C-EA86-4014-8CAE-A8274FFDA38E}.Release|x86.Build.0 = Release|Any CPU
		{2CA62696-7A9A-439F-BB21-6EA092DB95B6}.Debug|Any CPU.ActiveCfg = Debug|Any CPU
		{2CA62696-7A9A-439F-BB21-6EA092DB95B6}.Debug|Any CPU.Build.0 = Debug|Any CPU
		{2CA62696-7A9A-439F-BB21-6EA092DB95B6}.Debug|ARM.ActiveCfg = Debug|Any CPU
		{2CA62696-7A9A-439F-BB21-6EA092DB95B6}.Debug|ARM.Build.0 = Debug|Any CPU
		{2CA62696-7A9A-439F-BB21-6EA092DB95B6}.Debug|ARM64.ActiveCfg = Debug|Any CPU
		{2CA62696-7A9A-439F-BB21-6EA092DB95B6}.Debug|ARM64.Build.0 = Debug|Any CPU
		{2CA62696-7A9A-439F-BB21-6EA092DB95B6}.Debug|iPhone.ActiveCfg = Debug|Any CPU
		{2CA62696-7A9A-439F-BB21-6EA092DB95B6}.Debug|iPhone.Build.0 = Debug|Any CPU
		{2CA62696-7A9A-439F-BB21-6EA092DB95B6}.Debug|iPhoneSimulator.ActiveCfg = Debug|Any CPU
		{2CA62696-7A9A-439F-BB21-6EA092DB95B6}.Debug|iPhoneSimulator.Build.0 = Debug|Any CPU
		{2CA62696-7A9A-439F-BB21-6EA092DB95B6}.Debug|x64.ActiveCfg = Debug|Any CPU
		{2CA62696-7A9A-439F-BB21-6EA092DB95B6}.Debug|x64.Build.0 = Debug|Any CPU
		{2CA62696-7A9A-439F-BB21-6EA092DB95B6}.Debug|x86.ActiveCfg = Debug|Any CPU
		{2CA62696-7A9A-439F-BB21-6EA092DB95B6}.Debug|x86.Build.0 = Debug|Any CPU
		{2CA62696-7A9A-439F-BB21-6EA092DB95B6}.Release|Any CPU.ActiveCfg = Release|Any CPU
		{2CA62696-7A9A-439F-BB21-6EA092DB95B6}.Release|Any CPU.Build.0 = Release|Any CPU
		{2CA62696-7A9A-439F-BB21-6EA092DB95B6}.Release|ARM.ActiveCfg = Release|Any CPU
		{2CA62696-7A9A-439F-BB21-6EA092DB95B6}.Release|ARM.Build.0 = Release|Any CPU
		{2CA62696-7A9A-439F-BB21-6EA092DB95B6}.Release|ARM64.ActiveCfg = Release|Any CPU
		{2CA62696-7A9A-439F-BB21-6EA092DB95B6}.Release|ARM64.Build.0 = Release|Any CPU
		{2CA62696-7A9A-439F-BB21-6EA092DB95B6}.Release|iPhone.ActiveCfg = Release|Any CPU
		{2CA62696-7A9A-439F-BB21-6EA092DB95B6}.Release|iPhone.Build.0 = Release|Any CPU
		{2CA62696-7A9A-439F-BB21-6EA092DB95B6}.Release|iPhoneSimulator.ActiveCfg = Release|Any CPU
		{2CA62696-7A9A-439F-BB21-6EA092DB95B6}.Release|iPhoneSimulator.Build.0 = Release|Any CPU
		{2CA62696-7A9A-439F-BB21-6EA092DB95B6}.Release|x64.ActiveCfg = Release|Any CPU
		{2CA62696-7A9A-439F-BB21-6EA092DB95B6}.Release|x64.Build.0 = Release|Any CPU
		{2CA62696-7A9A-439F-BB21-6EA092DB95B6}.Release|x86.ActiveCfg = Release|Any CPU
		{2CA62696-7A9A-439F-BB21-6EA092DB95B6}.Release|x86.Build.0 = Release|Any CPU
		{4DF4EC46-1B89-451D-9864-F652BE6E7795}.Debug|Any CPU.ActiveCfg = Debug|Any CPU
		{4DF4EC46-1B89-451D-9864-F652BE6E7795}.Debug|Any CPU.Build.0 = Debug|Any CPU
		{4DF4EC46-1B89-451D-9864-F652BE6E7795}.Debug|ARM.ActiveCfg = Debug|Any CPU
		{4DF4EC46-1B89-451D-9864-F652BE6E7795}.Debug|ARM.Build.0 = Debug|Any CPU
		{4DF4EC46-1B89-451D-9864-F652BE6E7795}.Debug|ARM64.ActiveCfg = Debug|Any CPU
		{4DF4EC46-1B89-451D-9864-F652BE6E7795}.Debug|ARM64.Build.0 = Debug|Any CPU
		{4DF4EC46-1B89-451D-9864-F652BE6E7795}.Debug|iPhone.ActiveCfg = Debug|Any CPU
		{4DF4EC46-1B89-451D-9864-F652BE6E7795}.Debug|iPhone.Build.0 = Debug|Any CPU
		{4DF4EC46-1B89-451D-9864-F652BE6E7795}.Debug|iPhoneSimulator.ActiveCfg = Debug|Any CPU
		{4DF4EC46-1B89-451D-9864-F652BE6E7795}.Debug|iPhoneSimulator.Build.0 = Debug|Any CPU
		{4DF4EC46-1B89-451D-9864-F652BE6E7795}.Debug|x64.ActiveCfg = Debug|Any CPU
		{4DF4EC46-1B89-451D-9864-F652BE6E7795}.Debug|x64.Build.0 = Debug|Any CPU
		{4DF4EC46-1B89-451D-9864-F652BE6E7795}.Debug|x86.ActiveCfg = Debug|Any CPU
		{4DF4EC46-1B89-451D-9864-F652BE6E7795}.Debug|x86.Build.0 = Debug|Any CPU
		{4DF4EC46-1B89-451D-9864-F652BE6E7795}.Release|Any CPU.ActiveCfg = Release|Any CPU
		{4DF4EC46-1B89-451D-9864-F652BE6E7795}.Release|Any CPU.Build.0 = Release|Any CPU
		{4DF4EC46-1B89-451D-9864-F652BE6E7795}.Release|ARM.ActiveCfg = Release|Any CPU
		{4DF4EC46-1B89-451D-9864-F652BE6E7795}.Release|ARM.Build.0 = Release|Any CPU
		{4DF4EC46-1B89-451D-9864-F652BE6E7795}.Release|ARM64.ActiveCfg = Release|Any CPU
		{4DF4EC46-1B89-451D-9864-F652BE6E7795}.Release|ARM64.Build.0 = Release|Any CPU
		{4DF4EC46-1B89-451D-9864-F652BE6E7795}.Release|iPhone.ActiveCfg = Release|Any CPU
		{4DF4EC46-1B89-451D-9864-F652BE6E7795}.Release|iPhone.Build.0 = Release|Any CPU
		{4DF4EC46-1B89-451D-9864-F652BE6E7795}.Release|iPhoneSimulator.ActiveCfg = Release|Any CPU
		{4DF4EC46-1B89-451D-9864-F652BE6E7795}.Release|iPhoneSimulator.Build.0 = Release|Any CPU
		{4DF4EC46-1B89-451D-9864-F652BE6E7795}.Release|x64.ActiveCfg = Release|Any CPU
		{4DF4EC46-1B89-451D-9864-F652BE6E7795}.Release|x64.Build.0 = Release|Any CPU
		{4DF4EC46-1B89-451D-9864-F652BE6E7795}.Release|x86.ActiveCfg = Release|Any CPU
		{4DF4EC46-1B89-451D-9864-F652BE6E7795}.Release|x86.Build.0 = Release|Any CPU
		{91649573-CBDC-4A26-941D-38079E42632F}.Debug|Any CPU.ActiveCfg = Debug|Any CPU
		{91649573-CBDC-4A26-941D-38079E42632F}.Debug|Any CPU.Build.0 = Debug|Any CPU
		{91649573-CBDC-4A26-941D-38079E42632F}.Debug|ARM.ActiveCfg = Debug|Any CPU
		{91649573-CBDC-4A26-941D-38079E42632F}.Debug|ARM.Build.0 = Debug|Any CPU
		{91649573-CBDC-4A26-941D-38079E42632F}.Debug|ARM64.ActiveCfg = Debug|Any CPU
		{91649573-CBDC-4A26-941D-38079E42632F}.Debug|ARM64.Build.0 = Debug|Any CPU
		{91649573-CBDC-4A26-941D-38079E42632F}.Debug|iPhone.ActiveCfg = Debug|Any CPU
		{91649573-CBDC-4A26-941D-38079E42632F}.Debug|iPhone.Build.0 = Debug|Any CPU
		{91649573-CBDC-4A26-941D-38079E42632F}.Debug|iPhoneSimulator.ActiveCfg = Debug|Any CPU
		{91649573-CBDC-4A26-941D-38079E42632F}.Debug|iPhoneSimulator.Build.0 = Debug|Any CPU
		{91649573-CBDC-4A26-941D-38079E42632F}.Debug|x64.ActiveCfg = Debug|Any CPU
		{91649573-CBDC-4A26-941D-38079E42632F}.Debug|x64.Build.0 = Debug|Any CPU
		{91649573-CBDC-4A26-941D-38079E42632F}.Debug|x86.ActiveCfg = Debug|Any CPU
		{91649573-CBDC-4A26-941D-38079E42632F}.Debug|x86.Build.0 = Debug|Any CPU
		{91649573-CBDC-4A26-941D-38079E42632F}.Release|Any CPU.ActiveCfg = Release|Any CPU
		{91649573-CBDC-4A26-941D-38079E42632F}.Release|Any CPU.Build.0 = Release|Any CPU
		{91649573-CBDC-4A26-941D-38079E42632F}.Release|ARM.ActiveCfg = Release|Any CPU
		{91649573-CBDC-4A26-941D-38079E42632F}.Release|ARM.Build.0 = Release|Any CPU
		{91649573-CBDC-4A26-941D-38079E42632F}.Release|ARM64.ActiveCfg = Release|Any CPU
		{91649573-CBDC-4A26-941D-38079E42632F}.Release|ARM64.Build.0 = Release|Any CPU
		{91649573-CBDC-4A26-941D-38079E42632F}.Release|iPhone.ActiveCfg = Release|Any CPU
		{91649573-CBDC-4A26-941D-38079E42632F}.Release|iPhone.Build.0 = Release|Any CPU
		{91649573-CBDC-4A26-941D-38079E42632F}.Release|iPhoneSimulator.ActiveCfg = Release|Any CPU
		{91649573-CBDC-4A26-941D-38079E42632F}.Release|iPhoneSimulator.Build.0 = Release|Any CPU
		{91649573-CBDC-4A26-941D-38079E42632F}.Release|x64.ActiveCfg = Release|Any CPU
		{91649573-CBDC-4A26-941D-38079E42632F}.Release|x64.Build.0 = Release|Any CPU
		{91649573-CBDC-4A26-941D-38079E42632F}.Release|x86.ActiveCfg = Release|Any CPU
		{91649573-CBDC-4A26-941D-38079E42632F}.Release|x86.Build.0 = Release|Any CPU
		{9D1BAA97-9C57-4B8C-928C-48828D867BC6}.Debug|Any CPU.ActiveCfg = Debug|Any CPU
		{9D1BAA97-9C57-4B8C-928C-48828D867BC6}.Debug|Any CPU.Build.0 = Debug|Any CPU
		{9D1BAA97-9C57-4B8C-928C-48828D867BC6}.Debug|ARM.ActiveCfg = Debug|Any CPU
		{9D1BAA97-9C57-4B8C-928C-48828D867BC6}.Debug|ARM.Build.0 = Debug|Any CPU
		{9D1BAA97-9C57-4B8C-928C-48828D867BC6}.Debug|ARM64.ActiveCfg = Debug|Any CPU
		{9D1BAA97-9C57-4B8C-928C-48828D867BC6}.Debug|ARM64.Build.0 = Debug|Any CPU
		{9D1BAA97-9C57-4B8C-928C-48828D867BC6}.Debug|iPhone.ActiveCfg = Debug|Any CPU
		{9D1BAA97-9C57-4B8C-928C-48828D867BC6}.Debug|iPhone.Build.0 = Debug|Any CPU
		{9D1BAA97-9C57-4B8C-928C-48828D867BC6}.Debug|iPhoneSimulator.ActiveCfg = Debug|Any CPU
		{9D1BAA97-9C57-4B8C-928C-48828D867BC6}.Debug|iPhoneSimulator.Build.0 = Debug|Any CPU
		{9D1BAA97-9C57-4B8C-928C-48828D867BC6}.Debug|x64.ActiveCfg = Debug|Any CPU
		{9D1BAA97-9C57-4B8C-928C-48828D867BC6}.Debug|x64.Build.0 = Debug|Any CPU
		{9D1BAA97-9C57-4B8C-928C-48828D867BC6}.Debug|x86.ActiveCfg = Debug|Any CPU
		{9D1BAA97-9C57-4B8C-928C-48828D867BC6}.Debug|x86.Build.0 = Debug|Any CPU
		{9D1BAA97-9C57-4B8C-928C-48828D867BC6}.Release|Any CPU.ActiveCfg = Release|Any CPU
		{9D1BAA97-9C57-4B8C-928C-48828D867BC6}.Release|Any CPU.Build.0 = Release|Any CPU
		{9D1BAA97-9C57-4B8C-928C-48828D867BC6}.Release|ARM.ActiveCfg = Release|Any CPU
		{9D1BAA97-9C57-4B8C-928C-48828D867BC6}.Release|ARM.Build.0 = Release|Any CPU
		{9D1BAA97-9C57-4B8C-928C-48828D867BC6}.Release|ARM64.ActiveCfg = Release|Any CPU
		{9D1BAA97-9C57-4B8C-928C-48828D867BC6}.Release|ARM64.Build.0 = Release|Any CPU
		{9D1BAA97-9C57-4B8C-928C-48828D867BC6}.Release|iPhone.ActiveCfg = Release|Any CPU
		{9D1BAA97-9C57-4B8C-928C-48828D867BC6}.Release|iPhone.Build.0 = Release|Any CPU
		{9D1BAA97-9C57-4B8C-928C-48828D867BC6}.Release|iPhoneSimulator.ActiveCfg = Release|Any CPU
		{9D1BAA97-9C57-4B8C-928C-48828D867BC6}.Release|iPhoneSimulator.Build.0 = Release|Any CPU
		{9D1BAA97-9C57-4B8C-928C-48828D867BC6}.Release|x64.ActiveCfg = Release|Any CPU
		{9D1BAA97-9C57-4B8C-928C-48828D867BC6}.Release|x64.Build.0 = Release|Any CPU
		{9D1BAA97-9C57-4B8C-928C-48828D867BC6}.Release|x86.ActiveCfg = Release|Any CPU
		{9D1BAA97-9C57-4B8C-928C-48828D867BC6}.Release|x86.Build.0 = Release|Any CPU
		{C7EEE48F-8C2D-4DAA-B314-DA42DD0790CE}.Debug|Any CPU.ActiveCfg = Debug|Any CPU
		{C7EEE48F-8C2D-4DAA-B314-DA42DD0790CE}.Debug|Any CPU.Build.0 = Debug|Any CPU
		{C7EEE48F-8C2D-4DAA-B314-DA42DD0790CE}.Debug|ARM.ActiveCfg = Debug|Any CPU
		{C7EEE48F-8C2D-4DAA-B314-DA42DD0790CE}.Debug|ARM.Build.0 = Debug|Any CPU
		{C7EEE48F-8C2D-4DAA-B314-DA42DD0790CE}.Debug|ARM64.ActiveCfg = Debug|Any CPU
		{C7EEE48F-8C2D-4DAA-B314-DA42DD0790CE}.Debug|ARM64.Build.0 = Debug|Any CPU
		{C7EEE48F-8C2D-4DAA-B314-DA42DD0790CE}.Debug|iPhone.ActiveCfg = Debug|Any CPU
		{C7EEE48F-8C2D-4DAA-B314-DA42DD0790CE}.Debug|iPhone.Build.0 = Debug|Any CPU
		{C7EEE48F-8C2D-4DAA-B314-DA42DD0790CE}.Debug|iPhoneSimulator.ActiveCfg = Debug|Any CPU
		{C7EEE48F-8C2D-4DAA-B314-DA42DD0790CE}.Debug|iPhoneSimulator.Build.0 = Debug|Any CPU
		{C7EEE48F-8C2D-4DAA-B314-DA42DD0790CE}.Debug|x64.ActiveCfg = Debug|Any CPU
		{C7EEE48F-8C2D-4DAA-B314-DA42DD0790CE}.Debug|x64.Build.0 = Debug|Any CPU
		{C7EEE48F-8C2D-4DAA-B314-DA42DD0790CE}.Debug|x86.ActiveCfg = Debug|Any CPU
		{C7EEE48F-8C2D-4DAA-B314-DA42DD0790CE}.Debug|x86.Build.0 = Debug|Any CPU
		{C7EEE48F-8C2D-4DAA-B314-DA42DD0790CE}.Release|Any CPU.ActiveCfg = Release|Any CPU
		{C7EEE48F-8C2D-4DAA-B314-DA42DD0790CE}.Release|Any CPU.Build.0 = Release|Any CPU
		{C7EEE48F-8C2D-4DAA-B314-DA42DD0790CE}.Release|ARM.ActiveCfg = Release|Any CPU
		{C7EEE48F-8C2D-4DAA-B314-DA42DD0790CE}.Release|ARM.Build.0 = Release|Any CPU
		{C7EEE48F-8C2D-4DAA-B314-DA42DD0790CE}.Release|ARM64.ActiveCfg = Release|Any CPU
		{C7EEE48F-8C2D-4DAA-B314-DA42DD0790CE}.Release|ARM64.Build.0 = Release|Any CPU
		{C7EEE48F-8C2D-4DAA-B314-DA42DD0790CE}.Release|iPhone.ActiveCfg = Release|Any CPU
		{C7EEE48F-8C2D-4DAA-B314-DA42DD0790CE}.Release|iPhone.Build.0 = Release|Any CPU
		{C7EEE48F-8C2D-4DAA-B314-DA42DD0790CE}.Release|iPhoneSimulator.ActiveCfg = Release|Any CPU
		{C7EEE48F-8C2D-4DAA-B314-DA42DD0790CE}.Release|iPhoneSimulator.Build.0 = Release|Any CPU
		{C7EEE48F-8C2D-4DAA-B314-DA42DD0790CE}.Release|x64.ActiveCfg = Release|Any CPU
		{C7EEE48F-8C2D-4DAA-B314-DA42DD0790CE}.Release|x64.Build.0 = Release|Any CPU
		{C7EEE48F-8C2D-4DAA-B314-DA42DD0790CE}.Release|x86.ActiveCfg = Release|Any CPU
		{C7EEE48F-8C2D-4DAA-B314-DA42DD0790CE}.Release|x86.Build.0 = Release|Any CPU
		{E0B76757-BF80-4DCD-9865-5ECD1C5B039E}.Debug|Any CPU.ActiveCfg = Debug|Any CPU
		{E0B76757-BF80-4DCD-9865-5ECD1C5B039E}.Debug|Any CPU.Build.0 = Debug|Any CPU
		{E0B76757-BF80-4DCD-9865-5ECD1C5B039E}.Debug|ARM.ActiveCfg = Debug|Any CPU
		{E0B76757-BF80-4DCD-9865-5ECD1C5B039E}.Debug|ARM.Build.0 = Debug|Any CPU
		{E0B76757-BF80-4DCD-9865-5ECD1C5B039E}.Debug|ARM64.ActiveCfg = Debug|Any CPU
		{E0B76757-BF80-4DCD-9865-5ECD1C5B039E}.Debug|ARM64.Build.0 = Debug|Any CPU
		{E0B76757-BF80-4DCD-9865-5ECD1C5B039E}.Debug|iPhone.ActiveCfg = Debug|Any CPU
		{E0B76757-BF80-4DCD-9865-5ECD1C5B039E}.Debug|iPhone.Build.0 = Debug|Any CPU
		{E0B76757-BF80-4DCD-9865-5ECD1C5B039E}.Debug|iPhoneSimulator.ActiveCfg = Debug|Any CPU
		{E0B76757-BF80-4DCD-9865-5ECD1C5B039E}.Debug|iPhoneSimulator.Build.0 = Debug|Any CPU
		{E0B76757-BF80-4DCD-9865-5ECD1C5B039E}.Debug|x64.ActiveCfg = Debug|Any CPU
		{E0B76757-BF80-4DCD-9865-5ECD1C5B039E}.Debug|x64.Build.0 = Debug|Any CPU
		{E0B76757-BF80-4DCD-9865-5ECD1C5B039E}.Debug|x86.ActiveCfg = Debug|Any CPU
		{E0B76757-BF80-4DCD-9865-5ECD1C5B039E}.Debug|x86.Build.0 = Debug|Any CPU
		{E0B76757-BF80-4DCD-9865-5ECD1C5B039E}.Release|Any CPU.ActiveCfg = Release|Any CPU
		{E0B76757-BF80-4DCD-9865-5ECD1C5B039E}.Release|Any CPU.Build.0 = Release|Any CPU
		{E0B76757-BF80-4DCD-9865-5ECD1C5B039E}.Release|ARM.ActiveCfg = Release|Any CPU
		{E0B76757-BF80-4DCD-9865-5ECD1C5B039E}.Release|ARM.Build.0 = Release|Any CPU
		{E0B76757-BF80-4DCD-9865-5ECD1C5B039E}.Release|ARM64.ActiveCfg = Release|Any CPU
		{E0B76757-BF80-4DCD-9865-5ECD1C5B039E}.Release|ARM64.Build.0 = Release|Any CPU
		{E0B76757-BF80-4DCD-9865-5ECD1C5B039E}.Release|iPhone.ActiveCfg = Release|Any CPU
		{E0B76757-BF80-4DCD-9865-5ECD1C5B039E}.Release|iPhone.Build.0 = Release|Any CPU
		{E0B76757-BF80-4DCD-9865-5ECD1C5B039E}.Release|iPhoneSimulator.ActiveCfg = Release|Any CPU
		{E0B76757-BF80-4DCD-9865-5ECD1C5B039E}.Release|iPhoneSimulator.Build.0 = Release|Any CPU
		{E0B76757-BF80-4DCD-9865-5ECD1C5B039E}.Release|x64.ActiveCfg = Release|Any CPU
		{E0B76757-BF80-4DCD-9865-5ECD1C5B039E}.Release|x64.Build.0 = Release|Any CPU
		{E0B76757-BF80-4DCD-9865-5ECD1C5B039E}.Release|x86.ActiveCfg = Release|Any CPU
		{E0B76757-BF80-4DCD-9865-5ECD1C5B039E}.Release|x86.Build.0 = Release|Any CPU
		{0C459758-92EE-47BE-B7C3-76D40B2FC54A}.Debug|Any CPU.ActiveCfg = Debug|Any CPU
		{0C459758-92EE-47BE-B7C3-76D40B2FC54A}.Debug|Any CPU.Build.0 = Debug|Any CPU
		{0C459758-92EE-47BE-B7C3-76D40B2FC54A}.Debug|ARM.ActiveCfg = Debug|Any CPU
		{0C459758-92EE-47BE-B7C3-76D40B2FC54A}.Debug|ARM.Build.0 = Debug|Any CPU
		{0C459758-92EE-47BE-B7C3-76D40B2FC54A}.Debug|ARM64.ActiveCfg = Debug|Any CPU
		{0C459758-92EE-47BE-B7C3-76D40B2FC54A}.Debug|ARM64.Build.0 = Debug|Any CPU
		{0C459758-92EE-47BE-B7C3-76D40B2FC54A}.Debug|iPhone.ActiveCfg = Debug|Any CPU
		{0C459758-92EE-47BE-B7C3-76D40B2FC54A}.Debug|iPhone.Build.0 = Debug|Any CPU
		{0C459758-92EE-47BE-B7C3-76D40B2FC54A}.Debug|iPhoneSimulator.ActiveCfg = Debug|Any CPU
		{0C459758-92EE-47BE-B7C3-76D40B2FC54A}.Debug|iPhoneSimulator.Build.0 = Debug|Any CPU
		{0C459758-92EE-47BE-B7C3-76D40B2FC54A}.Debug|x64.ActiveCfg = Debug|Any CPU
		{0C459758-92EE-47BE-B7C3-76D40B2FC54A}.Debug|x64.Build.0 = Debug|Any CPU
		{0C459758-92EE-47BE-B7C3-76D40B2FC54A}.Debug|x86.ActiveCfg = Debug|Any CPU
		{0C459758-92EE-47BE-B7C3-76D40B2FC54A}.Debug|x86.Build.0 = Debug|Any CPU
		{0C459758-92EE-47BE-B7C3-76D40B2FC54A}.Release|Any CPU.ActiveCfg = Release|Any CPU
		{0C459758-92EE-47BE-B7C3-76D40B2FC54A}.Release|Any CPU.Build.0 = Release|Any CPU
		{0C459758-92EE-47BE-B7C3-76D40B2FC54A}.Release|ARM.ActiveCfg = Release|Any CPU
		{0C459758-92EE-47BE-B7C3-76D40B2FC54A}.Release|ARM.Build.0 = Release|Any CPU
		{0C459758-92EE-47BE-B7C3-76D40B2FC54A}.Release|ARM64.ActiveCfg = Release|Any CPU
		{0C459758-92EE-47BE-B7C3-76D40B2FC54A}.Release|ARM64.Build.0 = Release|Any CPU
		{0C459758-92EE-47BE-B7C3-76D40B2FC54A}.Release|iPhone.ActiveCfg = Release|Any CPU
		{0C459758-92EE-47BE-B7C3-76D40B2FC54A}.Release|iPhone.Build.0 = Release|Any CPU
		{0C459758-92EE-47BE-B7C3-76D40B2FC54A}.Release|iPhoneSimulator.ActiveCfg = Release|Any CPU
		{0C459758-92EE-47BE-B7C3-76D40B2FC54A}.Release|iPhoneSimulator.Build.0 = Release|Any CPU
		{0C459758-92EE-47BE-B7C3-76D40B2FC54A}.Release|x64.ActiveCfg = Release|Any CPU
		{0C459758-92EE-47BE-B7C3-76D40B2FC54A}.Release|x64.Build.0 = Release|Any CPU
		{0C459758-92EE-47BE-B7C3-76D40B2FC54A}.Release|x86.ActiveCfg = Release|Any CPU
		{0C459758-92EE-47BE-B7C3-76D40B2FC54A}.Release|x86.Build.0 = Release|Any CPU
		{FFCEA4FF-E7D7-4C99-B8BF-E6EE95C6E29C}.Debug|Any CPU.ActiveCfg = Debug|Any CPU
		{FFCEA4FF-E7D7-4C99-B8BF-E6EE95C6E29C}.Debug|Any CPU.Build.0 = Debug|Any CPU
		{FFCEA4FF-E7D7-4C99-B8BF-E6EE95C6E29C}.Debug|ARM.ActiveCfg = Debug|Any CPU
		{FFCEA4FF-E7D7-4C99-B8BF-E6EE95C6E29C}.Debug|ARM.Build.0 = Debug|Any CPU
		{FFCEA4FF-E7D7-4C99-B8BF-E6EE95C6E29C}.Debug|ARM64.ActiveCfg = Debug|Any CPU
		{FFCEA4FF-E7D7-4C99-B8BF-E6EE95C6E29C}.Debug|ARM64.Build.0 = Debug|Any CPU
		{FFCEA4FF-E7D7-4C99-B8BF-E6EE95C6E29C}.Debug|iPhone.ActiveCfg = Debug|Any CPU
		{FFCEA4FF-E7D7-4C99-B8BF-E6EE95C6E29C}.Debug|iPhone.Build.0 = Debug|Any CPU
		{FFCEA4FF-E7D7-4C99-B8BF-E6EE95C6E29C}.Debug|iPhoneSimulator.ActiveCfg = Debug|Any CPU
		{FFCEA4FF-E7D7-4C99-B8BF-E6EE95C6E29C}.Debug|iPhoneSimulator.Build.0 = Debug|Any CPU
		{FFCEA4FF-E7D7-4C99-B8BF-E6EE95C6E29C}.Debug|x64.ActiveCfg = Debug|Any CPU
		{FFCEA4FF-E7D7-4C99-B8BF-E6EE95C6E29C}.Debug|x64.Build.0 = Debug|Any CPU
		{FFCEA4FF-E7D7-4C99-B8BF-E6EE95C6E29C}.Debug|x86.ActiveCfg = Debug|Any CPU
		{FFCEA4FF-E7D7-4C99-B8BF-E6EE95C6E29C}.Debug|x86.Build.0 = Debug|Any CPU
		{FFCEA4FF-E7D7-4C99-B8BF-E6EE95C6E29C}.Release|Any CPU.ActiveCfg = Release|Any CPU
		{FFCEA4FF-E7D7-4C99-B8BF-E6EE95C6E29C}.Release|Any CPU.Build.0 = Release|Any CPU
		{FFCEA4FF-E7D7-4C99-B8BF-E6EE95C6E29C}.Release|ARM.ActiveCfg = Release|Any CPU
		{FFCEA4FF-E7D7-4C99-B8BF-E6EE95C6E29C}.Release|ARM.Build.0 = Release|Any CPU
		{FFCEA4FF-E7D7-4C99-B8BF-E6EE95C6E29C}.Release|ARM64.ActiveCfg = Release|Any CPU
		{FFCEA4FF-E7D7-4C99-B8BF-E6EE95C6E29C}.Release|ARM64.Build.0 = Release|Any CPU
		{FFCEA4FF-E7D7-4C99-B8BF-E6EE95C6E29C}.Release|iPhone.ActiveCfg = Release|Any CPU
		{FFCEA4FF-E7D7-4C99-B8BF-E6EE95C6E29C}.Release|iPhone.Build.0 = Release|Any CPU
		{FFCEA4FF-E7D7-4C99-B8BF-E6EE95C6E29C}.Release|iPhoneSimulator.ActiveCfg = Release|Any CPU
		{FFCEA4FF-E7D7-4C99-B8BF-E6EE95C6E29C}.Release|iPhoneSimulator.Build.0 = Release|Any CPU
		{FFCEA4FF-E7D7-4C99-B8BF-E6EE95C6E29C}.Release|x64.ActiveCfg = Release|Any CPU
		{FFCEA4FF-E7D7-4C99-B8BF-E6EE95C6E29C}.Release|x64.Build.0 = Release|Any CPU
		{FFCEA4FF-E7D7-4C99-B8BF-E6EE95C6E29C}.Release|x86.ActiveCfg = Release|Any CPU
		{FFCEA4FF-E7D7-4C99-B8BF-E6EE95C6E29C}.Release|x86.Build.0 = Release|Any CPU
		{D0887DD3-BA6F-4AA7-815A-0BC2D7DF63C8}.Debug|Any CPU.ActiveCfg = Debug|Any CPU
		{D0887DD3-BA6F-4AA7-815A-0BC2D7DF63C8}.Debug|Any CPU.Build.0 = Debug|Any CPU
		{D0887DD3-BA6F-4AA7-815A-0BC2D7DF63C8}.Debug|ARM.ActiveCfg = Debug|Any CPU
		{D0887DD3-BA6F-4AA7-815A-0BC2D7DF63C8}.Debug|ARM.Build.0 = Debug|Any CPU
		{D0887DD3-BA6F-4AA7-815A-0BC2D7DF63C8}.Debug|ARM64.ActiveCfg = Debug|Any CPU
		{D0887DD3-BA6F-4AA7-815A-0BC2D7DF63C8}.Debug|ARM64.Build.0 = Debug|Any CPU
		{D0887DD3-BA6F-4AA7-815A-0BC2D7DF63C8}.Debug|iPhone.ActiveCfg = Debug|Any CPU
		{D0887DD3-BA6F-4AA7-815A-0BC2D7DF63C8}.Debug|iPhone.Build.0 = Debug|Any CPU
		{D0887DD3-BA6F-4AA7-815A-0BC2D7DF63C8}.Debug|iPhoneSimulator.ActiveCfg = Debug|Any CPU
		{D0887DD3-BA6F-4AA7-815A-0BC2D7DF63C8}.Debug|iPhoneSimulator.Build.0 = Debug|Any CPU
		{D0887DD3-BA6F-4AA7-815A-0BC2D7DF63C8}.Debug|x64.ActiveCfg = Debug|Any CPU
		{D0887DD3-BA6F-4AA7-815A-0BC2D7DF63C8}.Debug|x64.Build.0 = Debug|Any CPU
		{D0887DD3-BA6F-4AA7-815A-0BC2D7DF63C8}.Debug|x86.ActiveCfg = Debug|Any CPU
		{D0887DD3-BA6F-4AA7-815A-0BC2D7DF63C8}.Debug|x86.Build.0 = Debug|Any CPU
		{D0887DD3-BA6F-4AA7-815A-0BC2D7DF63C8}.Release|Any CPU.ActiveCfg = Release|Any CPU
		{D0887DD3-BA6F-4AA7-815A-0BC2D7DF63C8}.Release|Any CPU.Build.0 = Release|Any CPU
		{D0887DD3-BA6F-4AA7-815A-0BC2D7DF63C8}.Release|ARM.ActiveCfg = Release|Any CPU
		{D0887DD3-BA6F-4AA7-815A-0BC2D7DF63C8}.Release|ARM.Build.0 = Release|Any CPU
		{D0887DD3-BA6F-4AA7-815A-0BC2D7DF63C8}.Release|ARM64.ActiveCfg = Release|Any CPU
		{D0887DD3-BA6F-4AA7-815A-0BC2D7DF63C8}.Release|ARM64.Build.0 = Release|Any CPU
		{D0887DD3-BA6F-4AA7-815A-0BC2D7DF63C8}.Release|iPhone.ActiveCfg = Release|Any CPU
		{D0887DD3-BA6F-4AA7-815A-0BC2D7DF63C8}.Release|iPhone.Build.0 = Release|Any CPU
		{D0887DD3-BA6F-4AA7-815A-0BC2D7DF63C8}.Release|iPhoneSimulator.ActiveCfg = Release|Any CPU
		{D0887DD3-BA6F-4AA7-815A-0BC2D7DF63C8}.Release|iPhoneSimulator.Build.0 = Release|Any CPU
		{D0887DD3-BA6F-4AA7-815A-0BC2D7DF63C8}.Release|x64.ActiveCfg = Release|Any CPU
		{D0887DD3-BA6F-4AA7-815A-0BC2D7DF63C8}.Release|x64.Build.0 = Release|Any CPU
		{D0887DD3-BA6F-4AA7-815A-0BC2D7DF63C8}.Release|x86.ActiveCfg = Release|Any CPU
		{D0887DD3-BA6F-4AA7-815A-0BC2D7DF63C8}.Release|x86.Build.0 = Release|Any CPU
		{9BBE3365-414D-4F2B-8767-E08B845C5FE3}.Debug|Any CPU.ActiveCfg = Debug|Any CPU
		{9BBE3365-414D-4F2B-8767-E08B845C5FE3}.Debug|Any CPU.Build.0 = Debug|Any CPU
		{9BBE3365-414D-4F2B-8767-E08B845C5FE3}.Debug|ARM.ActiveCfg = Debug|Any CPU
		{9BBE3365-414D-4F2B-8767-E08B845C5FE3}.Debug|ARM.Build.0 = Debug|Any CPU
		{9BBE3365-414D-4F2B-8767-E08B845C5FE3}.Debug|ARM64.ActiveCfg = Debug|Any CPU
		{9BBE3365-414D-4F2B-8767-E08B845C5FE3}.Debug|ARM64.Build.0 = Debug|Any CPU
		{9BBE3365-414D-4F2B-8767-E08B845C5FE3}.Debug|iPhone.ActiveCfg = Debug|Any CPU
		{9BBE3365-414D-4F2B-8767-E08B845C5FE3}.Debug|iPhone.Build.0 = Debug|Any CPU
		{9BBE3365-414D-4F2B-8767-E08B845C5FE3}.Debug|iPhoneSimulator.ActiveCfg = Debug|Any CPU
		{9BBE3365-414D-4F2B-8767-E08B845C5FE3}.Debug|iPhoneSimulator.Build.0 = Debug|Any CPU
		{9BBE3365-414D-4F2B-8767-E08B845C5FE3}.Debug|x64.ActiveCfg = Debug|Any CPU
		{9BBE3365-414D-4F2B-8767-E08B845C5FE3}.Debug|x64.Build.0 = Debug|Any CPU
		{9BBE3365-414D-4F2B-8767-E08B845C5FE3}.Debug|x86.ActiveCfg = Debug|Any CPU
		{9BBE3365-414D-4F2B-8767-E08B845C5FE3}.Debug|x86.Build.0 = Debug|Any CPU
		{9BBE3365-414D-4F2B-8767-E08B845C5FE3}.Release|Any CPU.ActiveCfg = Release|Any CPU
		{9BBE3365-414D-4F2B-8767-E08B845C5FE3}.Release|Any CPU.Build.0 = Release|Any CPU
		{9BBE3365-414D-4F2B-8767-E08B845C5FE3}.Release|ARM.ActiveCfg = Release|Any CPU
		{9BBE3365-414D-4F2B-8767-E08B845C5FE3}.Release|ARM.Build.0 = Release|Any CPU
		{9BBE3365-414D-4F2B-8767-E08B845C5FE3}.Release|ARM64.ActiveCfg = Release|Any CPU
		{9BBE3365-414D-4F2B-8767-E08B845C5FE3}.Release|ARM64.Build.0 = Release|Any CPU
		{9BBE3365-414D-4F2B-8767-E08B845C5FE3}.Release|iPhone.ActiveCfg = Release|Any CPU
		{9BBE3365-414D-4F2B-8767-E08B845C5FE3}.Release|iPhone.Build.0 = Release|Any CPU
		{9BBE3365-414D-4F2B-8767-E08B845C5FE3}.Release|iPhoneSimulator.ActiveCfg = Release|Any CPU
		{9BBE3365-414D-4F2B-8767-E08B845C5FE3}.Release|iPhoneSimulator.Build.0 = Release|Any CPU
		{9BBE3365-414D-4F2B-8767-E08B845C5FE3}.Release|x64.ActiveCfg = Release|Any CPU
		{9BBE3365-414D-4F2B-8767-E08B845C5FE3}.Release|x64.Build.0 = Release|Any CPU
		{9BBE3365-414D-4F2B-8767-E08B845C5FE3}.Release|x86.ActiveCfg = Release|Any CPU
		{9BBE3365-414D-4F2B-8767-E08B845C5FE3}.Release|x86.Build.0 = Release|Any CPU
		{8DC3AC8F-6D25-40C9-8474-14BDC4E2324C}.Debug|Any CPU.ActiveCfg = Debug|Any CPU
		{8DC3AC8F-6D25-40C9-8474-14BDC4E2324C}.Debug|Any CPU.Build.0 = Debug|Any CPU
		{8DC3AC8F-6D25-40C9-8474-14BDC4E2324C}.Debug|ARM.ActiveCfg = Debug|Any CPU
		{8DC3AC8F-6D25-40C9-8474-14BDC4E2324C}.Debug|ARM.Build.0 = Debug|Any CPU
		{8DC3AC8F-6D25-40C9-8474-14BDC4E2324C}.Debug|ARM64.ActiveCfg = Debug|Any CPU
		{8DC3AC8F-6D25-40C9-8474-14BDC4E2324C}.Debug|ARM64.Build.0 = Debug|Any CPU
		{8DC3AC8F-6D25-40C9-8474-14BDC4E2324C}.Debug|iPhone.ActiveCfg = Debug|Any CPU
		{8DC3AC8F-6D25-40C9-8474-14BDC4E2324C}.Debug|iPhone.Build.0 = Debug|Any CPU
		{8DC3AC8F-6D25-40C9-8474-14BDC4E2324C}.Debug|iPhoneSimulator.ActiveCfg = Debug|Any CPU
		{8DC3AC8F-6D25-40C9-8474-14BDC4E2324C}.Debug|iPhoneSimulator.Build.0 = Debug|Any CPU
		{8DC3AC8F-6D25-40C9-8474-14BDC4E2324C}.Debug|x64.ActiveCfg = Debug|Any CPU
		{8DC3AC8F-6D25-40C9-8474-14BDC4E2324C}.Debug|x64.Build.0 = Debug|Any CPU
		{8DC3AC8F-6D25-40C9-8474-14BDC4E2324C}.Debug|x86.ActiveCfg = Debug|Any CPU
		{8DC3AC8F-6D25-40C9-8474-14BDC4E2324C}.Debug|x86.Build.0 = Debug|Any CPU
		{8DC3AC8F-6D25-40C9-8474-14BDC4E2324C}.Release|Any CPU.ActiveCfg = Release|Any CPU
		{8DC3AC8F-6D25-40C9-8474-14BDC4E2324C}.Release|Any CPU.Build.0 = Release|Any CPU
		{8DC3AC8F-6D25-40C9-8474-14BDC4E2324C}.Release|ARM.ActiveCfg = Release|Any CPU
		{8DC3AC8F-6D25-40C9-8474-14BDC4E2324C}.Release|ARM.Build.0 = Release|Any CPU
		{8DC3AC8F-6D25-40C9-8474-14BDC4E2324C}.Release|ARM64.ActiveCfg = Release|Any CPU
		{8DC3AC8F-6D25-40C9-8474-14BDC4E2324C}.Release|ARM64.Build.0 = Release|Any CPU
		{8DC3AC8F-6D25-40C9-8474-14BDC4E2324C}.Release|iPhone.ActiveCfg = Release|Any CPU
		{8DC3AC8F-6D25-40C9-8474-14BDC4E2324C}.Release|iPhone.Build.0 = Release|Any CPU
		{8DC3AC8F-6D25-40C9-8474-14BDC4E2324C}.Release|iPhoneSimulator.ActiveCfg = Release|Any CPU
		{8DC3AC8F-6D25-40C9-8474-14BDC4E2324C}.Release|iPhoneSimulator.Build.0 = Release|Any CPU
		{8DC3AC8F-6D25-40C9-8474-14BDC4E2324C}.Release|x64.ActiveCfg = Release|Any CPU
		{8DC3AC8F-6D25-40C9-8474-14BDC4E2324C}.Release|x64.Build.0 = Release|Any CPU
		{8DC3AC8F-6D25-40C9-8474-14BDC4E2324C}.Release|x86.ActiveCfg = Release|Any CPU
		{8DC3AC8F-6D25-40C9-8474-14BDC4E2324C}.Release|x86.Build.0 = Release|Any CPU
		{911AA41D-06F1-42AC-89F5-109CBA0431D9}.Debug|Any CPU.ActiveCfg = Debug|Any CPU
		{911AA41D-06F1-42AC-89F5-109CBA0431D9}.Debug|Any CPU.Build.0 = Debug|Any CPU
		{911AA41D-06F1-42AC-89F5-109CBA0431D9}.Debug|ARM.ActiveCfg = Debug|Any CPU
		{911AA41D-06F1-42AC-89F5-109CBA0431D9}.Debug|ARM.Build.0 = Debug|Any CPU
		{911AA41D-06F1-42AC-89F5-109CBA0431D9}.Debug|ARM64.ActiveCfg = Debug|Any CPU
		{911AA41D-06F1-42AC-89F5-109CBA0431D9}.Debug|ARM64.Build.0 = Debug|Any CPU
		{911AA41D-06F1-42AC-89F5-109CBA0431D9}.Debug|iPhone.ActiveCfg = Debug|Any CPU
		{911AA41D-06F1-42AC-89F5-109CBA0431D9}.Debug|iPhone.Build.0 = Debug|Any CPU
		{911AA41D-06F1-42AC-89F5-109CBA0431D9}.Debug|iPhoneSimulator.ActiveCfg = Debug|Any CPU
		{911AA41D-06F1-42AC-89F5-109CBA0431D9}.Debug|iPhoneSimulator.Build.0 = Debug|Any CPU
		{911AA41D-06F1-42AC-89F5-109CBA0431D9}.Debug|x64.ActiveCfg = Debug|Any CPU
		{911AA41D-06F1-42AC-89F5-109CBA0431D9}.Debug|x64.Build.0 = Debug|Any CPU
		{911AA41D-06F1-42AC-89F5-109CBA0431D9}.Debug|x86.ActiveCfg = Debug|Any CPU
		{911AA41D-06F1-42AC-89F5-109CBA0431D9}.Debug|x86.Build.0 = Debug|Any CPU
		{911AA41D-06F1-42AC-89F5-109CBA0431D9}.Release|Any CPU.ActiveCfg = Release|Any CPU
		{911AA41D-06F1-42AC-89F5-109CBA0431D9}.Release|Any CPU.Build.0 = Release|Any CPU
		{911AA41D-06F1-42AC-89F5-109CBA0431D9}.Release|ARM.ActiveCfg = Release|Any CPU
		{911AA41D-06F1-42AC-89F5-109CBA0431D9}.Release|ARM.Build.0 = Release|Any CPU
		{911AA41D-06F1-42AC-89F5-109CBA0431D9}.Release|ARM64.ActiveCfg = Release|Any CPU
		{911AA41D-06F1-42AC-89F5-109CBA0431D9}.Release|ARM64.Build.0 = Release|Any CPU
		{911AA41D-06F1-42AC-89F5-109CBA0431D9}.Release|iPhone.ActiveCfg = Release|Any CPU
		{911AA41D-06F1-42AC-89F5-109CBA0431D9}.Release|iPhone.Build.0 = Release|Any CPU
		{911AA41D-06F1-42AC-89F5-109CBA0431D9}.Release|iPhoneSimulator.ActiveCfg = Release|Any CPU
		{911AA41D-06F1-42AC-89F5-109CBA0431D9}.Release|iPhoneSimulator.Build.0 = Release|Any CPU
		{911AA41D-06F1-42AC-89F5-109CBA0431D9}.Release|x64.ActiveCfg = Release|Any CPU
		{911AA41D-06F1-42AC-89F5-109CBA0431D9}.Release|x64.Build.0 = Release|Any CPU
		{911AA41D-06F1-42AC-89F5-109CBA0431D9}.Release|x86.ActiveCfg = Release|Any CPU
		{911AA41D-06F1-42AC-89F5-109CBA0431D9}.Release|x86.Build.0 = Release|Any CPU
		{D9DC0263-2F4F-4DE6-A704-EF1DA3E9F178}.Debug|Any CPU.ActiveCfg = Debug|Any CPU
		{D9DC0263-2F4F-4DE6-A704-EF1DA3E9F178}.Debug|Any CPU.Build.0 = Debug|Any CPU
		{D9DC0263-2F4F-4DE6-A704-EF1DA3E9F178}.Debug|ARM.ActiveCfg = Debug|Any CPU
		{D9DC0263-2F4F-4DE6-A704-EF1DA3E9F178}.Debug|ARM.Build.0 = Debug|Any CPU
		{D9DC0263-2F4F-4DE6-A704-EF1DA3E9F178}.Debug|ARM64.ActiveCfg = Debug|Any CPU
		{D9DC0263-2F4F-4DE6-A704-EF1DA3E9F178}.Debug|ARM64.Build.0 = Debug|Any CPU
		{D9DC0263-2F4F-4DE6-A704-EF1DA3E9F178}.Debug|iPhone.ActiveCfg = Debug|Any CPU
		{D9DC0263-2F4F-4DE6-A704-EF1DA3E9F178}.Debug|iPhone.Build.0 = Debug|Any CPU
		{D9DC0263-2F4F-4DE6-A704-EF1DA3E9F178}.Debug|iPhoneSimulator.ActiveCfg = Debug|Any CPU
		{D9DC0263-2F4F-4DE6-A704-EF1DA3E9F178}.Debug|iPhoneSimulator.Build.0 = Debug|Any CPU
		{D9DC0263-2F4F-4DE6-A704-EF1DA3E9F178}.Debug|x64.ActiveCfg = Debug|Any CPU
		{D9DC0263-2F4F-4DE6-A704-EF1DA3E9F178}.Debug|x64.Build.0 = Debug|Any CPU
		{D9DC0263-2F4F-4DE6-A704-EF1DA3E9F178}.Debug|x86.ActiveCfg = Debug|Any CPU
		{D9DC0263-2F4F-4DE6-A704-EF1DA3E9F178}.Debug|x86.Build.0 = Debug|Any CPU
		{D9DC0263-2F4F-4DE6-A704-EF1DA3E9F178}.Release|Any CPU.ActiveCfg = Release|Any CPU
		{D9DC0263-2F4F-4DE6-A704-EF1DA3E9F178}.Release|Any CPU.Build.0 = Release|Any CPU
		{D9DC0263-2F4F-4DE6-A704-EF1DA3E9F178}.Release|ARM.ActiveCfg = Release|Any CPU
		{D9DC0263-2F4F-4DE6-A704-EF1DA3E9F178}.Release|ARM.Build.0 = Release|Any CPU
		{D9DC0263-2F4F-4DE6-A704-EF1DA3E9F178}.Release|ARM64.ActiveCfg = Release|Any CPU
		{D9DC0263-2F4F-4DE6-A704-EF1DA3E9F178}.Release|ARM64.Build.0 = Release|Any CPU
		{D9DC0263-2F4F-4DE6-A704-EF1DA3E9F178}.Release|iPhone.ActiveCfg = Release|Any CPU
		{D9DC0263-2F4F-4DE6-A704-EF1DA3E9F178}.Release|iPhone.Build.0 = Release|Any CPU
		{D9DC0263-2F4F-4DE6-A704-EF1DA3E9F178}.Release|iPhoneSimulator.ActiveCfg = Release|Any CPU
		{D9DC0263-2F4F-4DE6-A704-EF1DA3E9F178}.Release|iPhoneSimulator.Build.0 = Release|Any CPU
		{D9DC0263-2F4F-4DE6-A704-EF1DA3E9F178}.Release|x64.ActiveCfg = Release|Any CPU
		{D9DC0263-2F4F-4DE6-A704-EF1DA3E9F178}.Release|x64.Build.0 = Release|Any CPU
		{D9DC0263-2F4F-4DE6-A704-EF1DA3E9F178}.Release|x86.ActiveCfg = Release|Any CPU
		{D9DC0263-2F4F-4DE6-A704-EF1DA3E9F178}.Release|x86.Build.0 = Release|Any CPU
		{21216040-3CD9-4102-8A6B-7391BFEBCC89}.Debug|Any CPU.ActiveCfg = Debug|Any CPU
		{21216040-3CD9-4102-8A6B-7391BFEBCC89}.Debug|Any CPU.Build.0 = Debug|Any CPU
		{21216040-3CD9-4102-8A6B-7391BFEBCC89}.Debug|ARM.ActiveCfg = Debug|Any CPU
		{21216040-3CD9-4102-8A6B-7391BFEBCC89}.Debug|ARM.Build.0 = Debug|Any CPU
		{21216040-3CD9-4102-8A6B-7391BFEBCC89}.Debug|ARM64.ActiveCfg = Debug|Any CPU
		{21216040-3CD9-4102-8A6B-7391BFEBCC89}.Debug|ARM64.Build.0 = Debug|Any CPU
		{21216040-3CD9-4102-8A6B-7391BFEBCC89}.Debug|iPhone.ActiveCfg = Debug|Any CPU
		{21216040-3CD9-4102-8A6B-7391BFEBCC89}.Debug|iPhone.Build.0 = Debug|Any CPU
		{21216040-3CD9-4102-8A6B-7391BFEBCC89}.Debug|iPhoneSimulator.ActiveCfg = Debug|Any CPU
		{21216040-3CD9-4102-8A6B-7391BFEBCC89}.Debug|iPhoneSimulator.Build.0 = Debug|Any CPU
		{21216040-3CD9-4102-8A6B-7391BFEBCC89}.Debug|x64.ActiveCfg = Debug|Any CPU
		{21216040-3CD9-4102-8A6B-7391BFEBCC89}.Debug|x64.Build.0 = Debug|Any CPU
		{21216040-3CD9-4102-8A6B-7391BFEBCC89}.Debug|x86.ActiveCfg = Debug|Any CPU
		{21216040-3CD9-4102-8A6B-7391BFEBCC89}.Debug|x86.Build.0 = Debug|Any CPU
		{21216040-3CD9-4102-8A6B-7391BFEBCC89}.Release|Any CPU.ActiveCfg = Release|Any CPU
		{21216040-3CD9-4102-8A6B-7391BFEBCC89}.Release|Any CPU.Build.0 = Release|Any CPU
		{21216040-3CD9-4102-8A6B-7391BFEBCC89}.Release|ARM.ActiveCfg = Release|Any CPU
		{21216040-3CD9-4102-8A6B-7391BFEBCC89}.Release|ARM.Build.0 = Release|Any CPU
		{21216040-3CD9-4102-8A6B-7391BFEBCC89}.Release|ARM64.ActiveCfg = Release|Any CPU
		{21216040-3CD9-4102-8A6B-7391BFEBCC89}.Release|ARM64.Build.0 = Release|Any CPU
		{21216040-3CD9-4102-8A6B-7391BFEBCC89}.Release|iPhone.ActiveCfg = Release|Any CPU
		{21216040-3CD9-4102-8A6B-7391BFEBCC89}.Release|iPhone.Build.0 = Release|Any CPU
		{21216040-3CD9-4102-8A6B-7391BFEBCC89}.Release|iPhoneSimulator.ActiveCfg = Release|Any CPU
		{21216040-3CD9-4102-8A6B-7391BFEBCC89}.Release|iPhoneSimulator.Build.0 = Release|Any CPU
		{21216040-3CD9-4102-8A6B-7391BFEBCC89}.Release|x64.ActiveCfg = Release|Any CPU
		{21216040-3CD9-4102-8A6B-7391BFEBCC89}.Release|x64.Build.0 = Release|Any CPU
		{21216040-3CD9-4102-8A6B-7391BFEBCC89}.Release|x86.ActiveCfg = Release|Any CPU
		{21216040-3CD9-4102-8A6B-7391BFEBCC89}.Release|x86.Build.0 = Release|Any CPU
		{5090FF9E-9F34-4209-8FB3-1BBBC0E573FD}.Debug|Any CPU.ActiveCfg = Debug|Any CPU
		{5090FF9E-9F34-4209-8FB3-1BBBC0E573FD}.Debug|Any CPU.Build.0 = Debug|Any CPU
		{5090FF9E-9F34-4209-8FB3-1BBBC0E573FD}.Debug|ARM.ActiveCfg = Debug|Any CPU
		{5090FF9E-9F34-4209-8FB3-1BBBC0E573FD}.Debug|ARM.Build.0 = Debug|Any CPU
		{5090FF9E-9F34-4209-8FB3-1BBBC0E573FD}.Debug|ARM64.ActiveCfg = Debug|Any CPU
		{5090FF9E-9F34-4209-8FB3-1BBBC0E573FD}.Debug|ARM64.Build.0 = Debug|Any CPU
		{5090FF9E-9F34-4209-8FB3-1BBBC0E573FD}.Debug|iPhone.ActiveCfg = Debug|Any CPU
		{5090FF9E-9F34-4209-8FB3-1BBBC0E573FD}.Debug|iPhone.Build.0 = Debug|Any CPU
		{5090FF9E-9F34-4209-8FB3-1BBBC0E573FD}.Debug|iPhoneSimulator.ActiveCfg = Debug|Any CPU
		{5090FF9E-9F34-4209-8FB3-1BBBC0E573FD}.Debug|iPhoneSimulator.Build.0 = Debug|Any CPU
		{5090FF9E-9F34-4209-8FB3-1BBBC0E573FD}.Debug|x64.ActiveCfg = Debug|Any CPU
		{5090FF9E-9F34-4209-8FB3-1BBBC0E573FD}.Debug|x64.Build.0 = Debug|Any CPU
		{5090FF9E-9F34-4209-8FB3-1BBBC0E573FD}.Debug|x86.ActiveCfg = Debug|Any CPU
		{5090FF9E-9F34-4209-8FB3-1BBBC0E573FD}.Debug|x86.Build.0 = Debug|Any CPU
		{5090FF9E-9F34-4209-8FB3-1BBBC0E573FD}.Release|Any CPU.ActiveCfg = Release|Any CPU
		{5090FF9E-9F34-4209-8FB3-1BBBC0E573FD}.Release|Any CPU.Build.0 = Release|Any CPU
		{5090FF9E-9F34-4209-8FB3-1BBBC0E573FD}.Release|ARM.ActiveCfg = Release|Any CPU
		{5090FF9E-9F34-4209-8FB3-1BBBC0E573FD}.Release|ARM.Build.0 = Release|Any CPU
		{5090FF9E-9F34-4209-8FB3-1BBBC0E573FD}.Release|ARM64.ActiveCfg = Release|Any CPU
		{5090FF9E-9F34-4209-8FB3-1BBBC0E573FD}.Release|ARM64.Build.0 = Release|Any CPU
		{5090FF9E-9F34-4209-8FB3-1BBBC0E573FD}.Release|iPhone.ActiveCfg = Release|Any CPU
		{5090FF9E-9F34-4209-8FB3-1BBBC0E573FD}.Release|iPhone.Build.0 = Release|Any CPU
		{5090FF9E-9F34-4209-8FB3-1BBBC0E573FD}.Release|iPhoneSimulator.ActiveCfg = Release|Any CPU
		{5090FF9E-9F34-4209-8FB3-1BBBC0E573FD}.Release|iPhoneSimulator.Build.0 = Release|Any CPU
		{5090FF9E-9F34-4209-8FB3-1BBBC0E573FD}.Release|x64.ActiveCfg = Release|Any CPU
		{5090FF9E-9F34-4209-8FB3-1BBBC0E573FD}.Release|x64.Build.0 = Release|Any CPU
		{5090FF9E-9F34-4209-8FB3-1BBBC0E573FD}.Release|x86.ActiveCfg = Release|Any CPU
		{5090FF9E-9F34-4209-8FB3-1BBBC0E573FD}.Release|x86.Build.0 = Release|Any CPU
		{03492290-2CBF-403F-8CD3-158644079ACE}.Debug|Any CPU.ActiveCfg = Debug|Any CPU
		{03492290-2CBF-403F-8CD3-158644079ACE}.Debug|Any CPU.Build.0 = Debug|Any CPU
		{03492290-2CBF-403F-8CD3-158644079ACE}.Debug|Any CPU.Deploy.0 = Debug|Any CPU
		{03492290-2CBF-403F-8CD3-158644079ACE}.Debug|ARM.ActiveCfg = Debug|Any CPU
		{03492290-2CBF-403F-8CD3-158644079ACE}.Debug|ARM.Build.0 = Debug|Any CPU
		{03492290-2CBF-403F-8CD3-158644079ACE}.Debug|ARM.Deploy.0 = Debug|Any CPU
		{03492290-2CBF-403F-8CD3-158644079ACE}.Debug|ARM64.ActiveCfg = Debug|Any CPU
		{03492290-2CBF-403F-8CD3-158644079ACE}.Debug|ARM64.Build.0 = Debug|Any CPU
		{03492290-2CBF-403F-8CD3-158644079ACE}.Debug|ARM64.Deploy.0 = Debug|Any CPU
		{03492290-2CBF-403F-8CD3-158644079ACE}.Debug|iPhone.ActiveCfg = Debug|Any CPU
		{03492290-2CBF-403F-8CD3-158644079ACE}.Debug|iPhone.Build.0 = Debug|Any CPU
		{03492290-2CBF-403F-8CD3-158644079ACE}.Debug|iPhone.Deploy.0 = Debug|Any CPU
		{03492290-2CBF-403F-8CD3-158644079ACE}.Debug|iPhoneSimulator.ActiveCfg = Debug|Any CPU
		{03492290-2CBF-403F-8CD3-158644079ACE}.Debug|iPhoneSimulator.Build.0 = Debug|Any CPU
		{03492290-2CBF-403F-8CD3-158644079ACE}.Debug|iPhoneSimulator.Deploy.0 = Debug|Any CPU
		{03492290-2CBF-403F-8CD3-158644079ACE}.Debug|x64.ActiveCfg = Debug|Any CPU
		{03492290-2CBF-403F-8CD3-158644079ACE}.Debug|x64.Build.0 = Debug|Any CPU
		{03492290-2CBF-403F-8CD3-158644079ACE}.Debug|x64.Deploy.0 = Debug|Any CPU
		{03492290-2CBF-403F-8CD3-158644079ACE}.Debug|x86.ActiveCfg = Debug|Any CPU
		{03492290-2CBF-403F-8CD3-158644079ACE}.Debug|x86.Build.0 = Debug|Any CPU
		{03492290-2CBF-403F-8CD3-158644079ACE}.Debug|x86.Deploy.0 = Debug|Any CPU
		{03492290-2CBF-403F-8CD3-158644079ACE}.Release|Any CPU.ActiveCfg = Release|Any CPU
		{03492290-2CBF-403F-8CD3-158644079ACE}.Release|Any CPU.Build.0 = Release|Any CPU
		{03492290-2CBF-403F-8CD3-158644079ACE}.Release|Any CPU.Deploy.0 = Release|Any CPU
		{03492290-2CBF-403F-8CD3-158644079ACE}.Release|ARM.ActiveCfg = Release|Any CPU
		{03492290-2CBF-403F-8CD3-158644079ACE}.Release|ARM.Build.0 = Release|Any CPU
		{03492290-2CBF-403F-8CD3-158644079ACE}.Release|ARM.Deploy.0 = Release|Any CPU
		{03492290-2CBF-403F-8CD3-158644079ACE}.Release|ARM64.ActiveCfg = Release|Any CPU
		{03492290-2CBF-403F-8CD3-158644079ACE}.Release|ARM64.Build.0 = Release|Any CPU
		{03492290-2CBF-403F-8CD3-158644079ACE}.Release|ARM64.Deploy.0 = Release|Any CPU
		{03492290-2CBF-403F-8CD3-158644079ACE}.Release|iPhone.ActiveCfg = Release|Any CPU
		{03492290-2CBF-403F-8CD3-158644079ACE}.Release|iPhone.Build.0 = Release|Any CPU
		{03492290-2CBF-403F-8CD3-158644079ACE}.Release|iPhone.Deploy.0 = Release|Any CPU
		{03492290-2CBF-403F-8CD3-158644079ACE}.Release|iPhoneSimulator.ActiveCfg = Release|Any CPU
		{03492290-2CBF-403F-8CD3-158644079ACE}.Release|iPhoneSimulator.Build.0 = Release|Any CPU
		{03492290-2CBF-403F-8CD3-158644079ACE}.Release|iPhoneSimulator.Deploy.0 = Release|Any CPU
		{03492290-2CBF-403F-8CD3-158644079ACE}.Release|x64.ActiveCfg = Release|Any CPU
		{03492290-2CBF-403F-8CD3-158644079ACE}.Release|x64.Build.0 = Release|Any CPU
		{03492290-2CBF-403F-8CD3-158644079ACE}.Release|x64.Deploy.0 = Release|Any CPU
		{03492290-2CBF-403F-8CD3-158644079ACE}.Release|x86.ActiveCfg = Release|Any CPU
		{03492290-2CBF-403F-8CD3-158644079ACE}.Release|x86.Build.0 = Release|Any CPU
		{03492290-2CBF-403F-8CD3-158644079ACE}.Release|x86.Deploy.0 = Release|Any CPU
		{7F6DAD9B-54E1-4C1C-A725-6092736CDE2E}.Debug|Any CPU.ActiveCfg = Debug|iPhoneSimulator
		{7F6DAD9B-54E1-4C1C-A725-6092736CDE2E}.Debug|Any CPU.Build.0 = Debug|iPhoneSimulator
		{7F6DAD9B-54E1-4C1C-A725-6092736CDE2E}.Debug|ARM.ActiveCfg = Debug|iPhoneSimulator
		{7F6DAD9B-54E1-4C1C-A725-6092736CDE2E}.Debug|ARM.Build.0 = Debug|iPhoneSimulator
		{7F6DAD9B-54E1-4C1C-A725-6092736CDE2E}.Debug|ARM64.ActiveCfg = Debug|iPhoneSimulator
		{7F6DAD9B-54E1-4C1C-A725-6092736CDE2E}.Debug|ARM64.Build.0 = Debug|iPhoneSimulator
		{7F6DAD9B-54E1-4C1C-A725-6092736CDE2E}.Debug|iPhone.ActiveCfg = Debug|iPhone
		{7F6DAD9B-54E1-4C1C-A725-6092736CDE2E}.Debug|iPhone.Build.0 = Debug|iPhone
		{7F6DAD9B-54E1-4C1C-A725-6092736CDE2E}.Debug|iPhoneSimulator.ActiveCfg = Debug|iPhoneSimulator
		{7F6DAD9B-54E1-4C1C-A725-6092736CDE2E}.Debug|iPhoneSimulator.Build.0 = Debug|iPhoneSimulator
		{7F6DAD9B-54E1-4C1C-A725-6092736CDE2E}.Debug|x64.ActiveCfg = Debug|iPhoneSimulator
		{7F6DAD9B-54E1-4C1C-A725-6092736CDE2E}.Debug|x64.Build.0 = Debug|iPhoneSimulator
		{7F6DAD9B-54E1-4C1C-A725-6092736CDE2E}.Debug|x86.ActiveCfg = Debug|iPhoneSimulator
		{7F6DAD9B-54E1-4C1C-A725-6092736CDE2E}.Debug|x86.Build.0 = Debug|iPhoneSimulator
		{7F6DAD9B-54E1-4C1C-A725-6092736CDE2E}.Release|Any CPU.ActiveCfg = Release|iPhoneSimulator
		{7F6DAD9B-54E1-4C1C-A725-6092736CDE2E}.Release|Any CPU.Build.0 = Release|iPhoneSimulator
		{7F6DAD9B-54E1-4C1C-A725-6092736CDE2E}.Release|ARM.ActiveCfg = Release|iPhoneSimulator
		{7F6DAD9B-54E1-4C1C-A725-6092736CDE2E}.Release|ARM.Build.0 = Release|iPhoneSimulator
		{7F6DAD9B-54E1-4C1C-A725-6092736CDE2E}.Release|ARM64.ActiveCfg = Release|iPhoneSimulator
		{7F6DAD9B-54E1-4C1C-A725-6092736CDE2E}.Release|ARM64.Build.0 = Release|iPhoneSimulator
		{7F6DAD9B-54E1-4C1C-A725-6092736CDE2E}.Release|iPhone.ActiveCfg = Release|iPhone
		{7F6DAD9B-54E1-4C1C-A725-6092736CDE2E}.Release|iPhone.Build.0 = Release|iPhone
		{7F6DAD9B-54E1-4C1C-A725-6092736CDE2E}.Release|iPhoneSimulator.ActiveCfg = Release|iPhoneSimulator
		{7F6DAD9B-54E1-4C1C-A725-6092736CDE2E}.Release|iPhoneSimulator.Build.0 = Release|iPhoneSimulator
		{7F6DAD9B-54E1-4C1C-A725-6092736CDE2E}.Release|x64.ActiveCfg = Release|iPhoneSimulator
		{7F6DAD9B-54E1-4C1C-A725-6092736CDE2E}.Release|x64.Build.0 = Release|iPhoneSimulator
		{7F6DAD9B-54E1-4C1C-A725-6092736CDE2E}.Release|x86.ActiveCfg = Release|iPhoneSimulator
		{7F6DAD9B-54E1-4C1C-A725-6092736CDE2E}.Release|x86.Build.0 = Release|iPhoneSimulator
		{F7D72DE5-5C0D-450B-BD87-5D8F9BBE04CE}.Debug|Any CPU.ActiveCfg = Debug|x64
		{F7D72DE5-5C0D-450B-BD87-5D8F9BBE04CE}.Debug|Any CPU.Build.0 = Debug|x64
		{F7D72DE5-5C0D-450B-BD87-5D8F9BBE04CE}.Debug|Any CPU.Deploy.0 = Debug|x64
		{F7D72DE5-5C0D-450B-BD87-5D8F9BBE04CE}.Debug|ARM.ActiveCfg = Debug|ARM
		{F7D72DE5-5C0D-450B-BD87-5D8F9BBE04CE}.Debug|ARM.Build.0 = Debug|ARM
		{F7D72DE5-5C0D-450B-BD87-5D8F9BBE04CE}.Debug|ARM.Deploy.0 = Debug|ARM
		{F7D72DE5-5C0D-450B-BD87-5D8F9BBE04CE}.Debug|ARM64.ActiveCfg = Debug|ARM64
		{F7D72DE5-5C0D-450B-BD87-5D8F9BBE04CE}.Debug|ARM64.Build.0 = Debug|ARM64
		{F7D72DE5-5C0D-450B-BD87-5D8F9BBE04CE}.Debug|ARM64.Deploy.0 = Debug|ARM64
		{F7D72DE5-5C0D-450B-BD87-5D8F9BBE04CE}.Debug|iPhone.ActiveCfg = Debug|x64
		{F7D72DE5-5C0D-450B-BD87-5D8F9BBE04CE}.Debug|iPhone.Build.0 = Debug|x64
		{F7D72DE5-5C0D-450B-BD87-5D8F9BBE04CE}.Debug|iPhone.Deploy.0 = Debug|x64
		{F7D72DE5-5C0D-450B-BD87-5D8F9BBE04CE}.Debug|iPhoneSimulator.ActiveCfg = Debug|x64
		{F7D72DE5-5C0D-450B-BD87-5D8F9BBE04CE}.Debug|iPhoneSimulator.Build.0 = Debug|x64
		{F7D72DE5-5C0D-450B-BD87-5D8F9BBE04CE}.Debug|iPhoneSimulator.Deploy.0 = Debug|x64
		{F7D72DE5-5C0D-450B-BD87-5D8F9BBE04CE}.Debug|x64.ActiveCfg = Debug|x64
		{F7D72DE5-5C0D-450B-BD87-5D8F9BBE04CE}.Debug|x64.Build.0 = Debug|x64
		{F7D72DE5-5C0D-450B-BD87-5D8F9BBE04CE}.Debug|x64.Deploy.0 = Debug|x64
		{F7D72DE5-5C0D-450B-BD87-5D8F9BBE04CE}.Debug|x86.ActiveCfg = Debug|x86
		{F7D72DE5-5C0D-450B-BD87-5D8F9BBE04CE}.Debug|x86.Build.0 = Debug|x86
		{F7D72DE5-5C0D-450B-BD87-5D8F9BBE04CE}.Debug|x86.Deploy.0 = Debug|x86
		{F7D72DE5-5C0D-450B-BD87-5D8F9BBE04CE}.Release|Any CPU.ActiveCfg = Release|x64
		{F7D72DE5-5C0D-450B-BD87-5D8F9BBE04CE}.Release|Any CPU.Build.0 = Release|x64
		{F7D72DE5-5C0D-450B-BD87-5D8F9BBE04CE}.Release|Any CPU.Deploy.0 = Release|x64
		{F7D72DE5-5C0D-450B-BD87-5D8F9BBE04CE}.Release|ARM.ActiveCfg = Release|ARM
		{F7D72DE5-5C0D-450B-BD87-5D8F9BBE04CE}.Release|ARM.Build.0 = Release|ARM
		{F7D72DE5-5C0D-450B-BD87-5D8F9BBE04CE}.Release|ARM.Deploy.0 = Release|ARM
		{F7D72DE5-5C0D-450B-BD87-5D8F9BBE04CE}.Release|ARM64.ActiveCfg = Release|ARM64
		{F7D72DE5-5C0D-450B-BD87-5D8F9BBE04CE}.Release|ARM64.Build.0 = Release|ARM64
		{F7D72DE5-5C0D-450B-BD87-5D8F9BBE04CE}.Release|ARM64.Deploy.0 = Release|ARM64
		{F7D72DE5-5C0D-450B-BD87-5D8F9BBE04CE}.Release|iPhone.ActiveCfg = Release|x64
		{F7D72DE5-5C0D-450B-BD87-5D8F9BBE04CE}.Release|iPhone.Build.0 = Release|x64
		{F7D72DE5-5C0D-450B-BD87-5D8F9BBE04CE}.Release|iPhone.Deploy.0 = Release|x64
		{F7D72DE5-5C0D-450B-BD87-5D8F9BBE04CE}.Release|iPhoneSimulator.ActiveCfg = Release|x64
		{F7D72DE5-5C0D-450B-BD87-5D8F9BBE04CE}.Release|iPhoneSimulator.Build.0 = Release|x64
		{F7D72DE5-5C0D-450B-BD87-5D8F9BBE04CE}.Release|iPhoneSimulator.Deploy.0 = Release|x64
		{F7D72DE5-5C0D-450B-BD87-5D8F9BBE04CE}.Release|x64.ActiveCfg = Release|x64
		{F7D72DE5-5C0D-450B-BD87-5D8F9BBE04CE}.Release|x64.Build.0 = Release|x64
		{F7D72DE5-5C0D-450B-BD87-5D8F9BBE04CE}.Release|x64.Deploy.0 = Release|x64
		{F7D72DE5-5C0D-450B-BD87-5D8F9BBE04CE}.Release|x86.ActiveCfg = Release|x86
		{F7D72DE5-5C0D-450B-BD87-5D8F9BBE04CE}.Release|x86.Build.0 = Release|x86
		{F7D72DE5-5C0D-450B-BD87-5D8F9BBE04CE}.Release|x86.Deploy.0 = Release|x86
	EndGlobalSection
	GlobalSection(SolutionProperties) = preSolution
		HideSolutionNode = FALSE
	EndGlobalSection
	GlobalSection(NestedProjects) = preSolution
		{97740F75-FCBC-45D1-845F-B30B0142835D} = {CCC20202-254F-4490-904A-98890F66E771}
		{219832A6-6DF4-44BA-8FFC-2667184DB140} = {574D1A91-886F-47A4-803C-78156C7C700E}
		{E6D6D7C3-E052-4DA3-A197-E0AE69698B4D} = {6F8E434E-E427-4081-B922-02A04D4173CC}
		{97B3F96D-6BEF-47F5-92B2-6DD109326A06} = {6F8E434E-E427-4081-B922-02A04D4173CC}
		{C6D5DFE7-6A87-499C-B52F-01971D019989} = {6F8E434E-E427-4081-B922-02A04D4173CC}
		{18B9BCAA-59EC-4F59-9838-CD3686CFEBBB} = {6F8E434E-E427-4081-B922-02A04D4173CC}
		{51FD44B9-354E-497A-B8E5-4484D32CF4BA} = {6F8E434E-E427-4081-B922-02A04D4173CC}
		{B2992EF6-5B76-4DC3-B385-7A0B85946F19} = {6F8E434E-E427-4081-B922-02A04D4173CC}
		{8D67AB4A-EBA2-42AA-9A9F-0B2B6296E02C} = {EB5F577F-CD9E-4DE4-82F2-A67496E92AC3}
		{5F948FEE-D42F-4D13-96B1-36E0F50EFD6D} = {EB5F577F-CD9E-4DE4-82F2-A67496E92AC3}
		{E1CA12A0-0F43-4FC7-BDEE-68DF091D5446} = {EB5F577F-CD9E-4DE4-82F2-A67496E92AC3}
		{C9CBC38C-EA86-4014-8CAE-A8274FFDA38E} = {EB5F577F-CD9E-4DE4-82F2-A67496E92AC3}
		{2CA62696-7A9A-439F-BB21-6EA092DB95B6} = {EB5F577F-CD9E-4DE4-82F2-A67496E92AC3}
		{4DF4EC46-1B89-451D-9864-F652BE6E7795} = {EB5F577F-CD9E-4DE4-82F2-A67496E92AC3}
		{327832BD-2794-40A8-8CB6-14A60625012F} = {CCC20202-254F-4490-904A-98890F66E771}
		{90BD3241-6381-4725-8CD2-FEBD22317281} = {CCC20202-254F-4490-904A-98890F66E771}
		{91649573-CBDC-4A26-941D-38079E42632F} = {97740F75-FCBC-45D1-845F-B30B0142835D}
		{9D1BAA97-9C57-4B8C-928C-48828D867BC6} = {4C384656-F469-4EEE-83C4-6F65C55DE3D3}
		{C0186924-E635-436C-A577-5966C0CC153C} = {CCC20202-254F-4490-904A-98890F66E771}
		{DEBAA6ED-CC07-4C62-9D70-FCE57668727F} = {CCC20202-254F-4490-904A-98890F66E771}
		{C7EEE48F-8C2D-4DAA-B314-DA42DD0790CE} = {C0186924-E635-436C-A577-5966C0CC153C}
		{E0B76757-BF80-4DCD-9865-5ECD1C5B039E} = {90BD3241-6381-4725-8CD2-FEBD22317281}
		{0C459758-92EE-47BE-B7C3-76D40B2FC54A} = {EB5F577F-CD9E-4DE4-82F2-A67496E92AC3}
		{FFCEA4FF-E7D7-4C99-B8BF-E6EE95C6E29C} = {C0186924-E635-436C-A577-5966C0CC153C}
		{D0887DD3-BA6F-4AA7-815A-0BC2D7DF63C8} = {FBB0948E-D3F9-4D4C-BA61-3E374B5FE1F4}
		{9BBE3365-414D-4F2B-8767-E08B845C5FE3} = {C0186924-E635-436C-A577-5966C0CC153C}
		{8DC3AC8F-6D25-40C9-8474-14BDC4E2324C} = {EB5F577F-CD9E-4DE4-82F2-A67496E92AC3}
		{911AA41D-06F1-42AC-89F5-109CBA0431D9} = {DEBAA6ED-CC07-4C62-9D70-FCE57668727F}
		{D9DC0263-2F4F-4DE6-A704-EF1DA3E9F178} = {DEBAA6ED-CC07-4C62-9D70-FCE57668727F}
		{21216040-3CD9-4102-8A6B-7391BFEBCC89} = {97740F75-FCBC-45D1-845F-B30B0142835D}
		{5090FF9E-9F34-4209-8FB3-1BBBC0E573FD} = {97740F75-FCBC-45D1-845F-B30B0142835D}
		{03492290-2CBF-403F-8CD3-158644079ACE} = {327832BD-2794-40A8-8CB6-14A60625012F}
		{7F6DAD9B-54E1-4C1C-A725-6092736CDE2E} = {327832BD-2794-40A8-8CB6-14A60625012F}
		{F7D72DE5-5C0D-450B-BD87-5D8F9BBE04CE} = {327832BD-2794-40A8-8CB6-14A60625012F}
	EndGlobalSection
	GlobalSection(ExtensibilityGlobals) = postSolution
		BuildVersion_UseUniversalClock = True
		BuildVersion_UseGlobalSettings = True
		BuildVersion_UpdateFileVersion = True
		BuildVersion_UpdateAssemblyVersion = True
		BuildVersion_StartDate = 2021/10/9
		SolutionGuid = {4D0D3883-802B-4966-B618-3BC6FD7D2223}
	EndGlobalSection
EndGlobal
